
Microsoft Visual Studio Solution File, Format Version 12.00
# Visual Studio 15
Project("{FAE04EC0-301F-11D3-BF4B-00C04F79EFBC}") = "Unity.Timeline", "Unity.Timeline.csproj", "{3A0BC428-2D7E-5AE9-13F2-8453B984AC20}"
EndProject
Project("{FAE04EC0-301F-11D3-BF4B-00C04F79EFBC}") = "Unity.ShaderGraph.Editor", "Unity.ShaderGraph.Editor.csproj", "{C3B99E56-AADE-C29D-0CEC-45CCB37421EF}"
EndProject
Project("{FAE04EC0-301F-11D3-BF4B-00C04F79EFBC}") = "Unity.Services.Core.Internal", "Unity.Services.Core.Internal.csproj", "{7540241C-9EB8-30A4-572A-04E0035D7409}"
EndProject
Project("{FAE04EC0-301F-11D3-BF4B-00C04F79EFBC}") = "Unity.VisualScripting.Flow", "Unity.VisualScripting.Flow.csproj", "{DD8EF64B-2435-C424-BFB7-40E72FB64130}"
EndProject
Project("{FAE04EC0-301F-11D3-BF4B-00C04F79EFBC}") = "Unity.RenderPipelines.Universal.Runtime", "Unity.RenderPipelines.Universal.Runtime.csproj", "{3F6D962C-9F1F-94A8-B1DC-F035C460E656}"
EndProject
Project("{FAE04EC0-301F-11D3-BF4B-00C04F79EFBC}") = "UnityEditor.UI", "UnityEditor.UI.csproj", "{2DFE6E11-37E6-19D0-4A03-1460CC22EDFE}"
EndProject
Project("{FAE04EC0-301F-11D3-BF4B-00C04F79EFBC}") = "Unity.Timeline.Editor", "Unity.Timeline.Editor.csproj", "{A00183AF-370E-76A6-A655-582B20DED9DB}"
EndProject
Project("{FAE04EC0-301F-11D3-BF4B-00C04F79EFBC}") = "Unity.PlasticSCM.Editor", "Unity.PlasticSCM.Editor.csproj", "{2D90309F-D151-26C7-3061-AFDA2993BDC7}"
EndProject
Project("{FAE04EC0-301F-11D3-BF4B-00C04F79EFBC}") = "Unity.RenderPipelines.Core.Runtime", "Unity.RenderPipelines.Core.Runtime.csproj", "{92995B65-3C48-A535-E218-51FDCF1DB581}"
EndProject
Project("{FAE04EC0-301F-11D3-BF4B-00C04F79EFBC}") = "Unity.Mathematics", "Unity.Mathematics.csproj", "{AEFDFBE4-2ADD-0452-BE46-BA01068E8ED4}"
EndProject
Project("{FAE04EC0-301F-11D3-BF4B-00C04F79EFBC}") = "Unity.RenderPipelines.Core.Editor", "Unity.RenderPipelines.Core.Editor.csproj", "{4A675DB4-34FF-4352-84F4-50C87E22C6DA}"
EndProject
Project("{FAE04EC0-301F-11D3-BF4B-00C04F79EFBC}") = "Unity.2D.Common.Path.Editor", "Unity.2D.Common.Path.Editor.csproj", "{4D9818D3-458F-19BE-F829-3AB47A003FCC}"
EndProject
Project("{FAE04EC0-301F-11D3-BF4B-00C04F79EFBC}") = "Unity.Sequences.Editor", "Unity.Sequences.Editor.csproj", "{A2FA3D3C-8B0D-D2C1-02E4-4C6D0071B776}"
EndProject
Project("{FAE04EC0-301F-11D3-BF4B-00C04F79EFBC}") = "Unity.2D.Psdimporter.Editor", "Unity.2D.Psdimporter.Editor.csproj", "{5D01E269-66F5-03B3-DB38-3BC67D2AF9D5}"
EndProject
Project("{FAE04EC0-301F-11D3-BF4B-00C04F79EFBC}") = "Unity.VisualScripting.Core.Editor", "Unity.VisualScripting.Core.Editor.csproj", "{0C1577D1-3981-CB22-3B99-4C9645BCDFB1}"
EndProject
Project("{FAE04EC0-301F-11D3-BF4B-00C04F79EFBC}") = "Unity.2D.IK.Runtime", "Unity.2D.IK.Runtime.csproj", "{4FD2C9D1-3FB9-A7D4-C12D-F0DC71D52C57}"
EndProject
Project("{FAE04EC0-301F-11D3-BF4B-00C04F79EFBC}") = "UnityEditor.TestRunner", "UnityEditor.TestRunner.csproj", "{522BAB0F-557D-A3F8-2535-6F86944CF52E}"
EndProject
Project("{FAE04EC0-301F-11D3-BF4B-00C04F79EFBC}") = "Unity.RenderPipelines.Universal.Editor", "Unity.RenderPipelines.Universal.Editor.csproj", "{198AD3C0-5D7A-5678-E51F-DC8F20206E4F}"
EndProject
Project("{FAE04EC0-301F-11D3-BF4B-00C04F79EFBC}") = "Unity.TextMeshPro.Editor", "Unity.TextMeshPro.Editor.csproj", "{498AC128-86A4-57C9-2755-5BD1396619FB}"
EndProject
Project("{FAE04EC0-301F-11D3-BF4B-00C04F79EFBC}") = "Unity.Recorder.Editor", "Unity.Recorder.Editor.csproj", "{0C502542-35E3-A869-479F-7A3E01EDC80F}"
EndProject
Project("{FAE04EC0-301F-11D3-BF4B-00C04F79EFBC}") = "UnityEngine.TestRunner", "UnityEngine.TestRunner.csproj", "{E3170627-661F-4CBF-5AB5-26125498B87E}"
EndProject
Project("{FAE04EC0-301F-11D3-BF4B-00C04F79EFBC}") = "Unity.VisualScripting.Core", "Unity.VisualScripting.Core.csproj", "{9F39383D-A8BC-766C-5543-0B6121227BE9}"
EndProject
Project("{FAE04EC0-301F-11D3-BF4B-00C04F79EFBC}") = "Unity.CollabProxy.Editor", "Unity.CollabProxy.Editor.csproj", "{7F3B5EB1-71FB-3C4C-3ADF-C693557CA3C5}"
EndProject
Project("{FAE04EC0-301F-11D3-BF4B-00C04F79EFBC}") = "Unity.Searcher.Editor", "Unity.Searcher.Editor.csproj", "{BEA2FBEA-B1DD-66CE-4A7B-8EC0B915447B}"
EndProject
Project("{FAE04EC0-301F-11D3-BF4B-00C04F79EFBC}") = "Unity.Burst", "Unity.Burst.csproj", "{B7FF3A37-D1B2-53F9-4482-3687D5EF8E00}"
EndProject
Project("{FAE04EC0-301F-11D3-BF4B-00C04F79EFBC}") = "PsdPlugin", "PsdPlugin.csproj", "{14F47F8F-BA23-539D-8A10-A850249D16DA}"
EndProject
Project("{FAE04EC0-301F-11D3-BF4B-00C04F79EFBC}") = "Unity.VisualScripting.Flow.Editor", "Unity.VisualScripting.Flow.Editor.csproj", "{5BE79D76-EEF6-8BCE-1086-5B117F882D74}"
EndProject
Project("{FAE04EC0-301F-11D3-BF4B-00C04F79EFBC}") = "Autodesk.Fbx", "Autodesk.Fbx.csproj", "{4F4B2E25-C0B8-BE30-ECAB-88E1F8FBDCA9}"
EndProject
Project("{FAE04EC0-301F-11D3-BF4B-00C04F79EFBC}") = "Unity.Collections", "Unity.Collections.csproj", "{3786CB05-5C1E-F6E9-B504-3D5FFFCD3BF6}"
EndProject
Project("{FAE04EC0-301F-11D3-BF4B-00C04F79EFBC}") = "Cinemachine", "Cinemachine.csproj", "{EA8BD369-AF6B-846B-0586-FA3292EA894F}"
EndProject
Project("{FAE04EC0-301F-11D3-BF4B-00C04F79EFBC}") = "Unity.2D.Animation.Editor", "Unity.2D.Animation.Editor.csproj", "{73A056D1-8580-882A-5083-442148D8F744}"
EndProject
Project("{FAE04EC0-301F-11D3-BF4B-00C04F79EFBC}") = "Unity.2D.SpriteShape.Editor", "Unity.2D.SpriteShape.Editor.csproj", "{D6FC4C97-F9F3-EF05-D9CB-384062CFF09E}"
EndProject
Project("{FAE04EC0-301F-11D3-BF4B-00C04F79EFBC}") = "Unity.VisualStudio.Editor", "Unity.VisualStudio.Editor.csproj", "{FC2DF05C-56EF-78BB-6473-2E4F5FE2BED6}"
EndProject
Project("{FAE04EC0-301F-11D3-BF4B-00C04F79EFBC}") = "PPv2URPConverters", "PPv2URPConverters.csproj", "{6646F1CC-FC1D-D201-A455-CEDA050E190D}"
EndProject
Project("{FAE04EC0-301F-11D3-BF4B-00C04F79EFBC}") = "Unity.TestTools.CodeCoverage.Editor.OpenCover.Model", "Unity.TestTools.CodeCoverage.Editor.OpenCover.Model.csproj", "{DE92444B-35FD-8115-B0BD-BD28F767B395}"
EndProject
Project("{FAE04EC0-301F-11D3-BF4B-00C04F79EFBC}") = "Unity.Rider.Editor", "Unity.Rider.Editor.csproj", "{1A7E1D6C-C8EC-5799-3C2B-BA86F515D9C1}"
EndProject
Project("{FAE04EC0-301F-11D3-BF4B-00C04F79EFBC}") = "Unity.InternalAPIEditorBridge.001", "Unity.InternalAPIEditorBridge.001.csproj", "{9AF8D897-DFCB-F1EF-E252-57E43D059407}"
EndProject
Project("{FAE04EC0-301F-11D3-BF4B-00C04F79EFBC}") = "Unity.Services.Core.Telemetry", "Unity.Services.Core.Telemetry.csproj", "{00313AA3-0DBD-8870-B83B-9E8C1ABA3ADF}"
EndProject
Project("{FAE04EC0-301F-11D3-BF4B-00C04F79EFBC}") = "Unity.2D.SpriteShape.Runtime", "Unity.2D.SpriteShape.Runtime.csproj", "{2B0455FD-4F75-8483-1A50-E1A935449BF5}"
EndProject
Project("{FAE04EC0-301F-11D3-BF4B-00C04F79EFBC}") = "Unity.Services.Core.Configuration", "Unity.Services.Core.Configuration.csproj", "{2F181D29-49F3-1606-6B1C-C45BAC851A72}"
EndProject
Project("{FAE04EC0-301F-11D3-BF4B-00C04F79EFBC}") = "Unity.VisualScripting.State.Editor", "Unity.VisualScripting.State.Editor.csproj", "{16DCD1DA-1FC1-B5A1-2855-041B9C1D0B4D}"
EndProject
Project("{FAE04EC0-301F-11D3-BF4B-00C04F79EFBC}") = "com.unity.cinemachine.editor", "com.unity.cinemachine.editor.csproj", "{C3DE5BCF-6CD4-6D30-793C-E0C66F089883}"
EndProject
Project("{FAE04EC0-301F-11D3-BF4B-00C04F79EFBC}") = "UnityEngine.UI", "UnityEngine.UI.csproj", "{E1CE1CC2-973B-38F7-1A4F-6DFE2369F43F}"
EndProject
Project("{FAE04EC0-301F-11D3-BF4B-00C04F79EFBC}") = "Unity.TestTools.CodeCoverage.Editor", "Unity.TestTools.CodeCoverage.Editor.csproj", "{672FF324-DDAE-8D41-ADC6-55F04891DE90}"
EndProject
Project("{FAE04EC0-301F-11D3-BF4B-00C04F79EFBC}") = "Unity.Burst.CodeGen", "Unity.Burst.CodeGen.csproj", "{358FC2CD-82A8-54F3-0B4D-18C52D322D37}"
EndProject
Project("{FAE04EC0-301F-11D3-BF4B-00C04F79EFBC}") = "Unity.Services.Core.Configuration.Editor", "Unity.Services.Core.Configuration.Editor.csproj", "{B386FB69-C3AB-BC90-02C6-1C5C36CBED21}"
EndProject
Project("{FAE04EC0-301F-11D3-BF4B-00C04F79EFBC}") = "Unity.Services.Core.Editor", "Unity.Services.Core.Editor.csproj", "{64E2CDFB-24F4-B661-C602-E99076643550}"
EndProject
Project("{FAE04EC0-301F-11D3-BF4B-00C04F79EFBC}") = "Unity.RenderPipeline.Universal.ShaderLibrary", "Unity.RenderPipeline.Universal.ShaderLibrary.csproj", "{543EB089-9BCA-4DFF-9B6A-7CDDC7DE5864}"
EndProject
Project("{FAE04EC0-301F-11D3-BF4B-00C04F79EFBC}") = "Unity.Services.Core", "Unity.Services.Core.csproj", "{C3E84EC8-5BFB-1225-550F-96168F01F7A9}"
EndProject
Project("{FAE04EC0-301F-11D3-BF4B-00C04F79EFBC}") = "Unity.VisualScripting.State", "Unity.VisualScripting.State.csproj", "{80820EA8-36F0-1DE4-F418-A4DD020FC9E0}"
EndProject
Project("{FAE04EC0-301F-11D3-BF4B-00C04F79EFBC}") = "Unity.Formats.Fbx.Runtime", "Unity.Formats.Fbx.Runtime.csproj", "{61D3D51E-E98B-7C28-6352-65C995B12357}"
EndProject
Project("{FAE04EC0-301F-11D3-BF4B-00C04F79EFBC}") = "Unity.TextMeshPro", "Unity.TextMeshPro.csproj", "{DE7732CA-1CBB-3A20-9915-6C36D6303790}"
EndProject
Project("{FAE04EC0-301F-11D3-BF4B-00C04F79EFBC}") = "Unity.Sequences", "Unity.Sequences.csproj", "{7E6955BA-729B-D010-11A4-BE682FD6BEF4}"
EndProject
Project("{FAE04EC0-301F-11D3-BF4B-00C04F79EFBC}") = "Unity.Performance.Profile-Analyzer.Editor", "Unity.Performance.Profile-Analyzer.Editor.csproj", "{0DA9F83B-D976-A858-F88D-6B20E23FB679}"
EndProject
Project("{FAE04EC0-301F-11D3-BF4B-00C04F79EFBC}") = "Unity.Formats.Alembic.Runtime", "Unity.Formats.Alembic.Runtime.csproj", "{305DF38D-1F05-5E01-FEA7-D293BB735B0D}"
EndProject
Project("{FAE04EC0-301F-11D3-BF4B-00C04F79EFBC}") = "Unity.2D.Animation.Runtime", "Unity.2D.Animation.Runtime.csproj", "{028B2D41-6F0C-A295-8EB6-A443F54CE1D1}"
EndProject
Project("{FAE04EC0-301F-11D3-BF4B-00C04F79EFBC}") = "Unity.VisualScripting.SettingsProvider.Editor", "Unity.VisualScripting.SettingsProvider.Editor.csproj", "{B23A8415-3987-CD35-8B03-8E3E817DF947}"
EndProject
Project("{FAE04EC0-301F-11D3-BF4B-00C04F79EFBC}") = "Unity.VSCode.Editor", "Unity.VSCode.Editor.csproj", "{48AAAC0F-7F79-64C7-123E-5D72C3F66304}"
EndProject
Project("{FAE04EC0-301F-11D3-BF4B-00C04F79EFBC}") = "Unity.2D.IK.Editor", "Unity.2D.IK.Editor.csproj", "{CDEFD5A2-639C-EAAA-5150-1BD13F5639AB}"
EndProject
Project("{FAE04EC0-301F-11D3-BF4B-00C04F79EFBC}") = "Unity.InternalAPIEngineBridge.001", "Unity.InternalAPIEngineBridge.001.csproj", "{C184DC91-DBA4-A4B9-F051-BE53D0BFDCA1}"
EndProject
Project("{FAE04EC0-301F-11D3-BF4B-00C04F79EFBC}") = "Unity.Burst.Editor", "Unity.Burst.Editor.csproj", "{ECEFCF8C-0A48-A306-EEAE-E2E1F4C75EB2}"
EndProject
Project("{FAE04EC0-301F-11D3-BF4B-00C04F79EFBC}") = "Unity.TestTools.CodeCoverage.Editor.OpenCover.Mono.Reflection", "Unity.TestTools.CodeCoverage.Editor.OpenCover.Mono.Reflection.csproj", "{DF6BD8D0-8F45-64AF-EAAB-E17116DC1FAE}"
EndProject
Project("{FAE04EC0-301F-11D3-BF4B-00C04F79EFBC}") = "Unity.2D.Common.Editor", "Unity.2D.Common.Editor.csproj", "{409BDC24-A767-8845-ECBE-A73625761373}"
EndProject
Project("{FAE04EC0-301F-11D3-BF4B-00C04F79EFBC}") = "Unity.Formats.Fbx.Editor", "Unity.Formats.Fbx.Editor.csproj", "{17233807-F060-BF50-4EF4-ED6C5F80D739}"
EndProject
Project("{FAE04EC0-301F-11D3-BF4B-00C04F79EFBC}") = "Unity.Formats.Alembic.Editor", "Unity.Formats.Alembic.Editor.csproj", "{05BC0E60-10A7-003F-85FA-1BB6FD379063}"
EndProject
Project("{FAE04EC0-301F-11D3-BF4B-00C04F79EFBC}") = "Unity.Settings.Editor", "Unity.Settings.Editor.csproj", "{F48E760B-1627-21EF-4E6E-6D0BAFB2D69E}"
EndProject
Project("{FAE04EC0-301F-11D3-BF4B-00C04F79EFBC}") = "Unity.2D.Common.Runtime", "Unity.2D.Common.Runtime.csproj", "{471A6E5F-5B6C-D872-CA8E-0EE582A67314}"
EndProject
Project("{FAE04EC0-301F-11D3-BF4B-00C04F79EFBC}") = "Unity.2D.Sprite.Editor", "Unity.2D.Sprite.Editor.csproj", "{B33ADC53-8E78-3AEB-BEC3-B62DE10AE4EC}"
EndProject
Project("{FAE04EC0-301F-11D3-BF4B-00C04F79EFBC}") = "Unity.Recorder", "Unity.Recorder.csproj", "{9E295F13-C3D8-7FDE-AF1E-2977A1D249E9}"
EndProject
Project("{FAE04EC0-301F-11D3-BF4B-00C04F79EFBC}") = "Unity.Services.Core.Analytics", "Unity.Services.Core.Analytics.csproj", "{6D03B2BC-D3EB-0819-B1FE-66CA00CED5EE}"
EndProject
Project("{FAE04EC0-301F-11D3-BF4B-00C04F79EFBC}") = "Unity.Services.Core.Environments.Internal", "Unity.Services.Core.Environments.Internal.csproj", "{E7CC389C-E455-36FA-64C2-3635B09FD5E2}"
EndProject
Project("{FAE04EC0-301F-11D3-BF4B-00C04F79EFBC}") = "Unity.Services.Core.Networking", "Unity.Services.Core.Networking.csproj", "{D514F83A-7E72-0FC7-8A85-509F6E6BD5C6}"
EndProject
Project("{FAE04EC0-301F-11D3-BF4B-00C04F79EFBC}") = "Assembly-CSharp-Editor", "Assembly-CSharp-Editor.csproj", "{AC388B95-E493-EAFF-98A9-75B2FFA4CDAE}"
EndProject
Project("{FAE04EC0-301F-11D3-BF4B-00C04F79EFBC}") = "Unity.Services.Core.Scheduler", "Unity.Services.Core.Scheduler.csproj", "{FD1D6B52-EAA9-9783-C93C-C13FB7DB8A5C}"
EndProject
Project("{FAE04EC0-301F-11D3-BF4B-00C04F79EFBC}") = "Unity.Mathematics.Editor", "Unity.Mathematics.Editor.csproj", "{16C43BAD-509A-09DF-CF37-36E370DD2482}"
EndProject
Project("{FAE04EC0-301F-11D3-BF4B-00C04F79EFBC}") = "Unity.Services.Core.Threading", "Unity.Services.Core.Threading.csproj", "{D4FB9F0C-C2CC-A5E0-216E-65E72BFB8E15}"
EndProject
Project("{FAE04EC0-301F-11D3-BF4B-00C04F79EFBC}") = "Unity.Services.Core.Device", "Unity.Services.Core.Device.csproj", "{AD777051-8FC4-3B9B-155B-A8C79B530A5B}"
EndProject
Project("{FAE04EC0-301F-11D3-BF4B-00C04F79EFBC}") = "Unity.ShaderGraph.Utilities", "Unity.ShaderGraph.Utilities.csproj", "{161E5B37-99DC-133E-A964-0801F5B9ACCA}"
EndProject
Project("{FAE04EC0-301F-11D3-BF4B-00C04F79EFBC}") = "Unity.VisualScripting.Shared.Editor", "Unity.VisualScripting.Shared.Editor.csproj", "{092A7DEF-66A3-77CD-B6A0-EDFA461AD8EC}"
EndProject
Project("{FAE04EC0-301F-11D3-BF4B-00C04F79EFBC}") = "Unity.Recorder.Base", "Unity.Recorder.Base.csproj", "{BCEFBD66-E8A4-0611-C467-AD54B7846833}"
EndProject
Project("{FAE04EC0-301F-11D3-BF4B-00C04F79EFBC}") = "Unity.EditorCoroutines.Editor", "Unity.EditorCoroutines.Editor.csproj", "{A4CE76B4-3004-E6D5-66F6-2B57786E4D14}"
EndProject
Project("{FAE04EC0-301F-11D3-BF4B-00C04F79EFBC}") = "Assembly-CSharp", "Assembly-CSharp.csproj", "{6051F076-52F2-DF1E-5448-CFA74553BFAA}"
EndProject
Project("{FAE04EC0-301F-11D3-BF4B-00C04F79EFBC}") = "Autodesk.Fbx.Editor", "Autodesk.Fbx.Editor.csproj", "{02C3CF45-ED39-6235-E4B5-2A646EB23C23}"
EndProject
Project("{FAE04EC0-301F-11D3-BF4B-00C04F79EFBC}") = "Unity.Collections.DocCodeSamples", "Unity.Collections.DocCodeSamples.csproj", "{E479DDE1-49FD-7AB5-1CF5-F34B24F0DED2}"
EndProject
Project("{FAE04EC0-301F-11D3-BF4B-00C04F79EFBC}") = "Unity.Services.Core.Registration", "Unity.Services.Core.Registration.csproj", "{74FFAE69-9883-E057-77C0-5128E5354495}"
EndProject
Project("{FAE04EC0-301F-11D3-BF4B-00C04F79EFBC}") = "Unity.Services.Core.Environments", "Unity.Services.Core.Environments.csproj", "{2F15BBE3-2C26-7F9E-87A2-9E05938E90F6}"
EndProject
Project("{FAE04EC0-301F-11D3-BF4B-00C04F79EFBC}") = "Unity.Collections.BurstCompatibilityGen", "Unity.Collections.BurstCompatibilityGen.csproj", "{83329D37-169D-D1D3-6EBF-BBCC91607634}"
EndProject
Project("{FAE04EC0-301F-11D3-BF4B-00C04F79EFBC}") = "Unity.RenderPipelines.ShaderGraph.ShaderGraphLibrary", "Unity.RenderPipelines.ShaderGraph.ShaderGraphLibrary.csproj", "{2A0D604E-94E8-D5DC-7B5E-94AEC2281BEF}"
EndProject
Project("{FAE04EC0-301F-11D3-BF4B-00C04F79EFBC}") = "Unity.RenderPipelines.Core.ShaderLibrary", "Unity.RenderPipelines.Core.ShaderLibrary.csproj", "{36FE2B2A-BB35-A11A-B15A-44665CF4B25B}"
EndProject
Project("{FAE04EC0-301F-11D3-BF4B-00C04F79EFBC}") = "FbxBuildTestAssets", "FbxBuildTestAssets.csproj", "{3ACCDEF0-D654-C121-F99F-08558731BBB9}"
EndProject
Project("{FAE04EC0-301F-11D3-BF4B-00C04F79EFBC}") = "Unity.RenderPipelines.Universal.Shaders", "Unity.RenderPipelines.Universal.Shaders.csproj", "{33F9C941-B2CC-0D07-FD13-E4E9B3012FD1}"
EndProject
Project("{FAE04EC0-301F-11D3-BF4B-00C04F79EFBC}") = "Unity.Timeline", "Unity.Timeline.Player.csproj", "{8E615C69-8F6C-265A-60AA-6168F0FE1300}"
EndProject
Project("{FAE04EC0-301F-11D3-BF4B-00C04F79EFBC}") = "Unity.Services.Core.Internal", "Unity.Services.Core.Internal.Player.csproj", "{6FB369BB-CD30-A60B-F357-A1161C0CD82B}"
EndProject
Project("{FAE04EC0-301F-11D3-BF4B-00C04F79EFBC}") = "Unity.VisualScripting.Flow", "Unity.VisualScripting.Flow.Player.csproj", "{47D8381B-36BA-BFFE-F69D-D4069426B0FE}"
EndProject
Project("{FAE04EC0-301F-11D3-BF4B-00C04F79EFBC}") = "Unity.RenderPipelines.Universal.Runtime", "Unity.RenderPipelines.Universal.Runtime.Player.csproj", "{511D61AB-62F9-3377-FA48-61577DD17401}"
EndProject
Project("{FAE04EC0-301F-11D3-BF4B-00C04F79EFBC}") = "Unity.RenderPipelines.Core.Runtime", "Unity.RenderPipelines.Core.Runtime.Player.csproj", "{FF4C1B9C-A11B-6D45-8F2E-76663DB5DB29}"
EndProject
Project("{FAE04EC0-301F-11D3-BF4B-00C04F79EFBC}") = "Unity.Mathematics", "Unity.Mathematics.Player.csproj", "{CD299075-EDC5-1D16-96E0-1F15E352097B}"
EndProject
Project("{FAE04EC0-301F-11D3-BF4B-00C04F79EFBC}") = "Unity.2D.IK.Runtime", "Unity.2D.IK.Runtime.Player.csproj", "{656275A0-13E4-0D7B-5278-0B30A82BEFB1}"
EndProject
Project("{FAE04EC0-301F-11D3-BF4B-00C04F79EFBC}") = "UnityEngine.TestRunner", "UnityEngine.TestRunner.Player.csproj", "{EF46DF5F-3313-14EA-AFC1-4BD84F388556}"
EndProject
Project("{FAE04EC0-301F-11D3-BF4B-00C04F79EFBC}") = "Unity.VisualScripting.Core", "Unity.VisualScripting.Core.Player.csproj", "{0D45C8B3-C7B5-55B7-F34E-A8583141AE86}"
EndProject
Project("{FAE04EC0-301F-11D3-BF4B-00C04F79EFBC}") = "Unity.Burst", "Unity.Burst.Player.csproj", "{29F54D56-D362-FF38-2D0B-635CC9E0131D}"
EndProject
Project("{FAE04EC0-301F-11D3-BF4B-00C04F79EFBC}") = "Autodesk.Fbx", "Autodesk.Fbx.Player.csproj", "{AD51C800-3E50-F3D2-8114-31CA20FC3CE5}"
EndProject
Project("{FAE04EC0-301F-11D3-BF4B-00C04F79EFBC}") = "Unity.Collections", "Unity.Collections.Player.csproj", "{6C226EC8-0BD7-0F26-8D0F-5144CA497922}"
EndProject
Project("{FAE04EC0-301F-11D3-BF4B-00C04F79EFBC}") = "Cinemachine", "Cinemachine.Player.csproj", "{293B770B-D713-3E50-3DA0-6A5E91EF43D2}"
EndProject
Project("{FAE04EC0-301F-11D3-BF4B-00C04F79EFBC}") = "Unity.Services.Core.Telemetry", "Unity.Services.Core.Telemetry.Player.csproj", "{A474191D-9BB7-32DA-A441-6019D60A1638}"
EndProject
Project("{FAE04EC0-301F-11D3-BF4B-00C04F79EFBC}") = "Unity.2D.SpriteShape.Runtime", "Unity.2D.SpriteShape.Runtime.Player.csproj", "{E6364DBE-4D7E-2F79-BE33-1E3CBE09A6A7}"
EndProject
Project("{FAE04EC0-301F-11D3-BF4B-00C04F79EFBC}") = "Unity.Services.Core.Configuration", "Unity.Services.Core.Configuration.Player.csproj", "{2442374B-EE85-1EA5-CE92-ED10E91D1617}"
EndProject
Project("{FAE04EC0-301F-11D3-BF4B-00C04F79EFBC}") = "UnityEngine.UI", "UnityEngine.UI.Player.csproj", "{6975A901-1BCB-2055-3F5D-66D655EDB3FA}"
EndProject
Project("{FAE04EC0-301F-11D3-BF4B-00C04F79EFBC}") = "Unity.RenderPipeline.Universal.ShaderLibrary", "Unity.RenderPipeline.Universal.ShaderLibrary.Player.csproj", "{B289814A-58EA-57BB-C80B-05F73F85922C}"
EndProject
Project("{FAE04EC0-301F-11D3-BF4B-00C04F79EFBC}") = "Unity.Services.Core", "Unity.Services.Core.Player.csproj", "{EE93734D-3719-3DC9-30DC-8CC0BF219A78}"
EndProject
Project("{FAE04EC0-301F-11D3-BF4B-00C04F79EFBC}") = "Unity.VisualScripting.State", "Unity.VisualScripting.State.Player.csproj", "{1EFEF170-8B9A-316D-CFE4-CCD7E29F3D29}"
EndProject
Project("{FAE04EC0-301F-11D3-BF4B-00C04F79EFBC}") = "Unity.Formats.Fbx.Runtime", "Unity.Formats.Fbx.Runtime.Player.csproj", "{98E156FF-A72E-85CC-9DBF-33AD962A23E6}"
EndProject
Project("{FAE04EC0-301F-11D3-BF4B-00C04F79EFBC}") = "Unity.TextMeshPro", "Unity.TextMeshPro.Player.csproj", "{12CE15FA-F0C6-15E6-F99E-952A1F8295F8}"
EndProject
Project("{FAE04EC0-301F-11D3-BF4B-00C04F79EFBC}") = "Unity.Sequences", "Unity.Sequences.Player.csproj", "{64C3715B-71A1-7C89-E4FE-1CF04C77F682}"
EndProject
Project("{FAE04EC0-301F-11D3-BF4B-00C04F79EFBC}") = "Unity.Formats.Alembic.Runtime", "Unity.Formats.Alembic.Runtime.Player.csproj", "{21319148-74D4-AC7D-71BE-66E37FA374E6}"
EndProject
Project("{FAE04EC0-301F-11D3-BF4B-00C04F79EFBC}") = "Unity.2D.Animation.Runtime", "Unity.2D.Animation.Runtime.Player.csproj", "{B0F33B80-6BC8-690E-8452-ABBA24FD1CFC}"
EndProject
Project("{FAE04EC0-301F-11D3-BF4B-00C04F79EFBC}") = "Unity.InternalAPIEngineBridge.001", "Unity.InternalAPIEngineBridge.001.Player.csproj", "{6708A50E-6859-1428-18D0-CF69F28C4943}"
EndProject
Project("{FAE04EC0-301F-11D3-BF4B-00C04F79EFBC}") = "Unity.2D.Common.Runtime", "Unity.2D.Common.Runtime.Player.csproj", "{9E17B95E-0E00-713D-E54F-08BCCE45DB06}"
EndProject
Project("{FAE04EC0-301F-11D3-BF4B-00C04F79EFBC}") = "Unity.Recorder", "Unity.Recorder.Player.csproj", "{CD2C34C5-F02A-1680-A567-F58EA1F61EC1}"
EndProject
Project("{FAE04EC0-301F-11D3-BF4B-00C04F79EFBC}") = "Unity.Services.Core.Analytics", "Unity.Services.Core.Analytics.Player.csproj", "{62B33F4F-C2DB-FA8F-6DC9-A3CAC80AC795}"
EndProject
Project("{FAE04EC0-301F-11D3-BF4B-00C04F79EFBC}") = "Unity.Services.Core.Environments.Internal", "Unity.Services.Core.Environments.Internal.Player.csproj", "{72B344E7-1F80-2719-AFB8-10774880744D}"
EndProject
Project("{FAE04EC0-301F-11D3-BF4B-00C04F79EFBC}") = "Unity.Services.Core.Networking", "Unity.Services.Core.Networking.Player.csproj", "{E6C09729-1B78-6378-14D7-E95D402A8F88}"
EndProject
Project("{FAE04EC0-301F-11D3-BF4B-00C04F79EFBC}") = "Unity.Services.Core.Scheduler", "Unity.Services.Core.Scheduler.Player.csproj", "{ACA751F9-E177-FE6A-578C-16CF038208EF}"
EndProject
Project("{FAE04EC0-301F-11D3-BF4B-00C04F79EFBC}") = "Unity.Services.Core.Threading", "Unity.Services.Core.Threading.Player.csproj", "{7A95293F-7D1E-87C6-C9FF-D3F4BFB429A3}"
EndProject
Project("{FAE04EC0-301F-11D3-BF4B-00C04F79EFBC}") = "Unity.Services.Core.Device", "Unity.Services.Core.Device.Player.csproj", "{CB3BCD12-46C5-F0CC-D0C8-E16EA3FB42A0}"
EndProject
Project("{FAE04EC0-301F-11D3-BF4B-00C04F79EFBC}") = "Unity.Recorder.Base", "Unity.Recorder.Base.Player.csproj", "{C507D786-05D3-94B7-904E-E698B941581F}"
EndProject
Project("{FAE04EC0-301F-11D3-BF4B-00C04F79EFBC}") = "Assembly-CSharp", "Assembly-CSharp.Player.csproj", "{5A29D591-3168-7C20-771C-C8CDD6D00545}"
EndProject
Project("{FAE04EC0-301F-11D3-BF4B-00C04F79EFBC}") = "Unity.Services.Core.Registration", "Unity.Services.Core.Registration.Player.csproj", "{E0CA19C2-D55B-ABCA-5A08-260F4DCA4E08}"
EndProject
Project("{FAE04EC0-301F-11D3-BF4B-00C04F79EFBC}") = "Unity.Services.Core.Environments", "Unity.Services.Core.Environments.Player.csproj", "{2C7E5FA3-EE84-5206-339B-20EC0465BD86}"
EndProject
Project("{FAE04EC0-301F-11D3-BF4B-00C04F79EFBC}") = "Unity.RenderPipelines.ShaderGraph.ShaderGraphLibrary", "Unity.RenderPipelines.ShaderGraph.ShaderGraphLibrary.Player.csproj", "{1C709865-EFA2-F27B-ECAE-4CC2A6E1F7E8}"
EndProject
Project("{FAE04EC0-301F-11D3-BF4B-00C04F79EFBC}") = "Unity.RenderPipelines.Core.ShaderLibrary", "Unity.RenderPipelines.Core.ShaderLibrary.Player.csproj", "{5EC0BEA9-D7D1-DBB1-EB54-28A5666D8902}"
EndProject
Project("{FAE04EC0-301F-11D3-BF4B-00C04F79EFBC}") = "FbxBuildTestAssets", "FbxBuildTestAssets.Player.csproj", "{09E0AB94-9347-1073-06CB-7ABAF423A7DA}"
EndProject
Project("{FAE04EC0-301F-11D3-BF4B-00C04F79EFBC}") = "Unity.RenderPipelines.Universal.Shaders", "Unity.RenderPipelines.Universal.Shaders.Player.csproj", "{9BF7E34A-7B4C-53E6-5A06-1BDA789C5CA2}"
EndProject
Global
	GlobalSection(SolutionConfigurationPlatforms) = preSolution
		Debug|Any CPU = Debug|Any CPU
		Release|Any CPU = Release|Any CPU
	EndGlobalSection
	GlobalSection(ProjectConfigurationPlatforms) = postSolution
		{3A0BC428-2D7E-5AE9-13F2-8453B984AC20}.Debug|Any CPU.ActiveCfg = Debug|Any CPU
		{3A0BC428-2D7E-5AE9-13F2-8453B984AC20}.Debug|Any CPU.Build.0 = Debug|Any CPU
		{3A0BC428-2D7E-5AE9-13F2-8453B984AC20}.Release|Any CPU.ActiveCfg = Release|Any CPU
		{3A0BC428-2D7E-5AE9-13F2-8453B984AC20}.Release|Any CPU.Build.0 = Release|Any CPU
		{C3B99E56-AADE-C29D-0CEC-45CCB37421EF}.Debug|Any CPU.ActiveCfg = Debug|Any CPU
		{C3B99E56-AADE-C29D-0CEC-45CCB37421EF}.Debug|Any CPU.Build.0 = Debug|Any CPU
		{C3B99E56-AADE-C29D-0CEC-45CCB37421EF}.Release|Any CPU.ActiveCfg = Release|Any CPU
		{C3B99E56-AADE-C29D-0CEC-45CCB37421EF}.Release|Any CPU.Build.0 = Release|Any CPU
		{7540241C-9EB8-30A4-572A-04E0035D7409}.Debug|Any CPU.ActiveCfg = Debug|Any CPU
		{7540241C-9EB8-30A4-572A-04E0035D7409}.Debug|Any CPU.Build.0 = Debug|Any CPU
		{7540241C-9EB8-30A4-572A-04E0035D7409}.Release|Any CPU.ActiveCfg = Release|Any CPU
		{7540241C-9EB8-30A4-572A-04E0035D7409}.Release|Any CPU.Build.0 = Release|Any CPU
		{DD8EF64B-2435-C424-BFB7-40E72FB64130}.Debug|Any CPU.ActiveCfg = Debug|Any CPU
		{DD8EF64B-2435-C424-BFB7-40E72FB64130}.Debug|Any CPU.Build.0 = Debug|Any CPU
		{DD8EF64B-2435-C424-BFB7-40E72FB64130}.Release|Any CPU.ActiveCfg = Release|Any CPU
		{DD8EF64B-2435-C424-BFB7-40E72FB64130}.Release|Any CPU.Build.0 = Release|Any CPU
		{3F6D962C-9F1F-94A8-B1DC-F035C460E656}.Debug|Any CPU.ActiveCfg = Debug|Any CPU
		{3F6D962C-9F1F-94A8-B1DC-F035C460E656}.Debug|Any CPU.Build.0 = Debug|Any CPU
		{3F6D962C-9F1F-94A8-B1DC-F035C460E656}.Release|Any CPU.ActiveCfg = Release|Any CPU
		{3F6D962C-9F1F-94A8-B1DC-F035C460E656}.Release|Any CPU.Build.0 = Release|Any CPU
		{2DFE6E11-37E6-19D0-4A03-1460CC22EDFE}.Debug|Any CPU.ActiveCfg = Debug|Any CPU
		{2DFE6E11-37E6-19D0-4A03-1460CC22EDFE}.Debug|Any CPU.Build.0 = Debug|Any CPU
		{2DFE6E11-37E6-19D0-4A03-1460CC22EDFE}.Release|Any CPU.ActiveCfg = Release|Any CPU
		{2DFE6E11-37E6-19D0-4A03-1460CC22EDFE}.Release|Any CPU.Build.0 = Release|Any CPU
		{A00183AF-370E-76A6-A655-582B20DED9DB}.Debug|Any CPU.ActiveCfg = Debug|Any CPU
		{A00183AF-370E-76A6-A655-582B20DED9DB}.Debug|Any CPU.Build.0 = Debug|Any CPU
		{A00183AF-370E-76A6-A655-582B20DED9DB}.Release|Any CPU.ActiveCfg = Release|Any CPU
		{A00183AF-370E-76A6-A655-582B20DED9DB}.Release|Any CPU.Build.0 = Release|Any CPU
		{2D90309F-D151-26C7-3061-AFDA2993BDC7}.Debug|Any CPU.ActiveCfg = Debug|Any CPU
		{2D90309F-D151-26C7-3061-AFDA2993BDC7}.Debug|Any CPU.Build.0 = Debug|Any CPU
		{2D90309F-D151-26C7-3061-AFDA2993BDC7}.Release|Any CPU.ActiveCfg = Release|Any CPU
		{2D90309F-D151-26C7-3061-AFDA2993BDC7}.Release|Any CPU.Build.0 = Release|Any CPU
		{92995B65-3C48-A535-E218-51FDCF1DB581}.Debug|Any CPU.ActiveCfg = Debug|Any CPU
		{92995B65-3C48-A535-E218-51FDCF1DB581}.Debug|Any CPU.Build.0 = Debug|Any CPU
		{92995B65-3C48-A535-E218-51FDCF1DB581}.Release|Any CPU.ActiveCfg = Release|Any CPU
		{92995B65-3C48-A535-E218-51FDCF1DB581}.Release|Any CPU.Build.0 = Release|Any CPU
		{AEFDFBE4-2ADD-0452-BE46-BA01068E8ED4}.Debug|Any CPU.ActiveCfg = Debug|Any CPU
		{AEFDFBE4-2ADD-0452-BE46-BA01068E8ED4}.Debug|Any CPU.Build.0 = Debug|Any CPU
		{AEFDFBE4-2ADD-0452-BE46-BA01068E8ED4}.Release|Any CPU.ActiveCfg = Release|Any CPU
		{AEFDFBE4-2ADD-0452-BE46-BA01068E8ED4}.Release|Any CPU.Build.0 = Release|Any CPU
		{4A675DB4-34FF-4352-84F4-50C87E22C6DA}.Debug|Any CPU.ActiveCfg = Debug|Any CPU
		{4A675DB4-34FF-4352-84F4-50C87E22C6DA}.Debug|Any CPU.Build.0 = Debug|Any CPU
		{4A675DB4-34FF-4352-84F4-50C87E22C6DA}.Release|Any CPU.ActiveCfg = Release|Any CPU
		{4A675DB4-34FF-4352-84F4-50C87E22C6DA}.Release|Any CPU.Build.0 = Release|Any CPU
		{4D9818D3-458F-19BE-F829-3AB47A003FCC}.Debug|Any CPU.ActiveCfg = Debug|Any CPU
		{4D9818D3-458F-19BE-F829-3AB47A003FCC}.Debug|Any CPU.Build.0 = Debug|Any CPU
		{4D9818D3-458F-19BE-F829-3AB47A003FCC}.Release|Any CPU.ActiveCfg = Release|Any CPU
		{4D9818D3-458F-19BE-F829-3AB47A003FCC}.Release|Any CPU.Build.0 = Release|Any CPU
		{A2FA3D3C-8B0D-D2C1-02E4-4C6D0071B776}.Debug|Any CPU.ActiveCfg = Debug|Any CPU
		{A2FA3D3C-8B0D-D2C1-02E4-4C6D0071B776}.Debug|Any CPU.Build.0 = Debug|Any CPU
		{A2FA3D3C-8B0D-D2C1-02E4-4C6D0071B776}.Release|Any CPU.ActiveCfg = Release|Any CPU
		{A2FA3D3C-8B0D-D2C1-02E4-4C6D0071B776}.Release|Any CPU.Build.0 = Release|Any CPU
		{5D01E269-66F5-03B3-DB38-3BC67D2AF9D5}.Debug|Any CPU.ActiveCfg = Debug|Any CPU
		{5D01E269-66F5-03B3-DB38-3BC67D2AF9D5}.Debug|Any CPU.Build.0 = Debug|Any CPU
		{5D01E269-66F5-03B3-DB38-3BC67D2AF9D5}.Release|Any CPU.ActiveCfg = Release|Any CPU
		{5D01E269-66F5-03B3-DB38-3BC67D2AF9D5}.Release|Any CPU.Build.0 = Release|Any CPU
		{0C1577D1-3981-CB22-3B99-4C9645BCDFB1}.Debug|Any CPU.ActiveCfg = Debug|Any CPU
		{0C1577D1-3981-CB22-3B99-4C9645BCDFB1}.Debug|Any CPU.Build.0 = Debug|Any CPU
		{0C1577D1-3981-CB22-3B99-4C9645BCDFB1}.Release|Any CPU.ActiveCfg = Release|Any CPU
		{0C1577D1-3981-CB22-3B99-4C9645BCDFB1}.Release|Any CPU.Build.0 = Release|Any CPU
		{4FD2C9D1-3FB9-A7D4-C12D-F0DC71D52C57}.Debug|Any CPU.ActiveCfg = Debug|Any CPU
		{4FD2C9D1-3FB9-A7D4-C12D-F0DC71D52C57}.Debug|Any CPU.Build.0 = Debug|Any CPU
		{4FD2C9D1-3FB9-A7D4-C12D-F0DC71D52C57}.Release|Any CPU.ActiveCfg = Release|Any CPU
		{4FD2C9D1-3FB9-A7D4-C12D-F0DC71D52C57}.Release|Any CPU.Build.0 = Release|Any CPU
		{522BAB0F-557D-A3F8-2535-6F86944CF52E}.Debug|Any CPU.ActiveCfg = Debug|Any CPU
		{522BAB0F-557D-A3F8-2535-6F86944CF52E}.Debug|Any CPU.Build.0 = Debug|Any CPU
		{522BAB0F-557D-A3F8-2535-6F86944CF52E}.Release|Any CPU.ActiveCfg = Release|Any CPU
		{522BAB0F-557D-A3F8-2535-6F86944CF52E}.Release|Any CPU.Build.0 = Release|Any CPU
		{198AD3C0-5D7A-5678-E51F-DC8F20206E4F}.Debug|Any CPU.ActiveCfg = Debug|Any CPU
		{198AD3C0-5D7A-5678-E51F-DC8F20206E4F}.Debug|Any CPU.Build.0 = Debug|Any CPU
		{198AD3C0-5D7A-5678-E51F-DC8F20206E4F}.Release|Any CPU.ActiveCfg = Release|Any CPU
		{198AD3C0-5D7A-5678-E51F-DC8F20206E4F}.Release|Any CPU.Build.0 = Release|Any CPU
		{498AC128-86A4-57C9-2755-5BD1396619FB}.Debug|Any CPU.ActiveCfg = Debug|Any CPU
		{498AC128-86A4-57C9-2755-5BD1396619FB}.Debug|Any CPU.Build.0 = Debug|Any CPU
		{498AC128-86A4-57C9-2755-5BD1396619FB}.Release|Any CPU.ActiveCfg = Release|Any CPU
		{498AC128-86A4-57C9-2755-5BD1396619FB}.Release|Any CPU.Build.0 = Release|Any CPU
		{0C502542-35E3-A869-479F-7A3E01EDC80F}.Debug|Any CPU.ActiveCfg = Debug|Any CPU
		{0C502542-35E3-A869-479F-7A3E01EDC80F}.Debug|Any CPU.Build.0 = Debug|Any CPU
		{0C502542-35E3-A869-479F-7A3E01EDC80F}.Release|Any CPU.ActiveCfg = Release|Any CPU
		{0C502542-35E3-A869-479F-7A3E01EDC80F}.Release|Any CPU.Build.0 = Release|Any CPU
		{E3170627-661F-4CBF-5AB5-26125498B87E}.Debug|Any CPU.ActiveCfg = Debug|Any CPU
		{E3170627-661F-4CBF-5AB5-26125498B87E}.Debug|Any CPU.Build.0 = Debug|Any CPU
		{E3170627-661F-4CBF-5AB5-26125498B87E}.Release|Any CPU.ActiveCfg = Release|Any CPU
		{E3170627-661F-4CBF-5AB5-26125498B87E}.Release|Any CPU.Build.0 = Release|Any CPU
		{9F39383D-A8BC-766C-5543-0B6121227BE9}.Debug|Any CPU.ActiveCfg = Debug|Any CPU
		{9F39383D-A8BC-766C-5543-0B6121227BE9}.Debug|Any CPU.Build.0 = Debug|Any CPU
		{9F39383D-A8BC-766C-5543-0B6121227BE9}.Release|Any CPU.ActiveCfg = Release|Any CPU
		{9F39383D-A8BC-766C-5543-0B6121227BE9}.Release|Any CPU.Build.0 = Release|Any CPU
		{7F3B5EB1-71FB-3C4C-3ADF-C693557CA3C5}.Debug|Any CPU.ActiveCfg = Debug|Any CPU
		{7F3B5EB1-71FB-3C4C-3ADF-C693557CA3C5}.Debug|Any CPU.Build.0 = Debug|Any CPU
		{7F3B5EB1-71FB-3C4C-3ADF-C693557CA3C5}.Release|Any CPU.ActiveCfg = Release|Any CPU
		{7F3B5EB1-71FB-3C4C-3ADF-C693557CA3C5}.Release|Any CPU.Build.0 = Release|Any CPU
		{BEA2FBEA-B1DD-66CE-4A7B-8EC0B915447B}.Debug|Any CPU.ActiveCfg = Debug|Any CPU
		{BEA2FBEA-B1DD-66CE-4A7B-8EC0B915447B}.Debug|Any CPU.Build.0 = Debug|Any CPU
		{BEA2FBEA-B1DD-66CE-4A7B-8EC0B915447B}.Release|Any CPU.ActiveCfg = Release|Any CPU
		{BEA2FBEA-B1DD-66CE-4A7B-8EC0B915447B}.Release|Any CPU.Build.0 = Release|Any CPU
		{B7FF3A37-D1B2-53F9-4482-3687D5EF8E00}.Debug|Any CPU.ActiveCfg = Debug|Any CPU
		{B7FF3A37-D1B2-53F9-4482-3687D5EF8E00}.Debug|Any CPU.Build.0 = Debug|Any CPU
		{B7FF3A37-D1B2-53F9-4482-3687D5EF8E00}.Release|Any CPU.ActiveCfg = Release|Any CPU
		{B7FF3A37-D1B2-53F9-4482-3687D5EF8E00}.Release|Any CPU.Build.0 = Release|Any CPU
		{14F47F8F-BA23-539D-8A10-A850249D16DA}.Debug|Any CPU.ActiveCfg = Debug|Any CPU
		{14F47F8F-BA23-539D-8A10-A850249D16DA}.Debug|Any CPU.Build.0 = Debug|Any CPU
		{14F47F8F-BA23-539D-8A10-A850249D16DA}.Release|Any CPU.ActiveCfg = Release|Any CPU
		{14F47F8F-BA23-539D-8A10-A850249D16DA}.Release|Any CPU.Build.0 = Release|Any CPU
		{5BE79D76-EEF6-8BCE-1086-5B117F882D74}.Debug|Any CPU.ActiveCfg = Debug|Any CPU
		{5BE79D76-EEF6-8BCE-1086-5B117F882D74}.Debug|Any CPU.Build.0 = Debug|Any CPU
		{5BE79D76-EEF6-8BCE-1086-5B117F882D74}.Release|Any CPU.ActiveCfg = Release|Any CPU
		{5BE79D76-EEF6-8BCE-1086-5B117F882D74}.Release|Any CPU.Build.0 = Release|Any CPU
		{4F4B2E25-C0B8-BE30-ECAB-88E1F8FBDCA9}.Debug|Any CPU.ActiveCfg = Debug|Any CPU
		{4F4B2E25-C0B8-BE30-ECAB-88E1F8FBDCA9}.Debug|Any CPU.Build.0 = Debug|Any CPU
		{4F4B2E25-C0B8-BE30-ECAB-88E1F8FBDCA9}.Release|Any CPU.ActiveCfg = Release|Any CPU
		{4F4B2E25-C0B8-BE30-ECAB-88E1F8FBDCA9}.Release|Any CPU.Build.0 = Release|Any CPU
		{3786CB05-5C1E-F6E9-B504-3D5FFFCD3BF6}.Debug|Any CPU.ActiveCfg = Debug|Any CPU
		{3786CB05-5C1E-F6E9-B504-3D5FFFCD3BF6}.Debug|Any CPU.Build.0 = Debug|Any CPU
		{3786CB05-5C1E-F6E9-B504-3D5FFFCD3BF6}.Release|Any CPU.ActiveCfg = Release|Any CPU
		{3786CB05-5C1E-F6E9-B504-3D5FFFCD3BF6}.Release|Any CPU.Build.0 = Release|Any CPU
		{EA8BD369-AF6B-846B-0586-FA3292EA894F}.Debug|Any CPU.ActiveCfg = Debug|Any CPU
		{EA8BD369-AF6B-846B-0586-FA3292EA894F}.Debug|Any CPU.Build.0 = Debug|Any CPU
		{EA8BD369-AF6B-846B-0586-FA3292EA894F}.Release|Any CPU.ActiveCfg = Release|Any CPU
		{EA8BD369-AF6B-846B-0586-FA3292EA894F}.Release|Any CPU.Build.0 = Release|Any CPU
		{73A056D1-8580-882A-5083-442148D8F744}.Debug|Any CPU.ActiveCfg = Debug|Any CPU
		{73A056D1-8580-882A-5083-442148D8F744}.Debug|Any CPU.Build.0 = Debug|Any CPU
		{73A056D1-8580-882A-5083-442148D8F744}.Release|Any CPU.ActiveCfg = Release|Any CPU
		{73A056D1-8580-882A-5083-442148D8F744}.Release|Any CPU.Build.0 = Release|Any CPU
		{D6FC4C97-F9F3-EF05-D9CB-384062CFF09E}.Debug|Any CPU.ActiveCfg = Debug|Any CPU
		{D6FC4C97-F9F3-EF05-D9CB-384062CFF09E}.Debug|Any CPU.Build.0 = Debug|Any CPU
		{D6FC4C97-F9F3-EF05-D9CB-384062CFF09E}.Release|Any CPU.ActiveCfg = Release|Any CPU
		{D6FC4C97-F9F3-EF05-D9CB-384062CFF09E}.Release|Any CPU.Build.0 = Release|Any CPU
		{FC2DF05C-56EF-78BB-6473-2E4F5FE2BED6}.Debug|Any CPU.ActiveCfg = Debug|Any CPU
		{FC2DF05C-56EF-78BB-6473-2E4F5FE2BED6}.Debug|Any CPU.Build.0 = Debug|Any CPU
		{FC2DF05C-56EF-78BB-6473-2E4F5FE2BED6}.Release|Any CPU.ActiveCfg = Release|Any CPU
		{FC2DF05C-56EF-78BB-6473-2E4F5FE2BED6}.Release|Any CPU.Build.0 = Release|Any CPU
		{6646F1CC-FC1D-D201-A455-CEDA050E190D}.Debug|Any CPU.ActiveCfg = Debug|Any CPU
		{6646F1CC-FC1D-D201-A455-CEDA050E190D}.Debug|Any CPU.Build.0 = Debug|Any CPU
		{6646F1CC-FC1D-D201-A455-CEDA050E190D}.Release|Any CPU.ActiveCfg = Release|Any CPU
		{6646F1CC-FC1D-D201-A455-CEDA050E190D}.Release|Any CPU.Build.0 = Release|Any CPU
		{DE92444B-35FD-8115-B0BD-BD28F767B395}.Debug|Any CPU.ActiveCfg = Debug|Any CPU
		{DE92444B-35FD-8115-B0BD-BD28F767B395}.Debug|Any CPU.Build.0 = Debug|Any CPU
		{DE92444B-35FD-8115-B0BD-BD28F767B395}.Release|Any CPU.ActiveCfg = Release|Any CPU
		{DE92444B-35FD-8115-B0BD-BD28F767B395}.Release|Any CPU.Build.0 = Release|Any CPU
		{1A7E1D6C-C8EC-5799-3C2B-BA86F515D9C1}.Debug|Any CPU.ActiveCfg = Debug|Any CPU
		{1A7E1D6C-C8EC-5799-3C2B-BA86F515D9C1}.Debug|Any CPU.Build.0 = Debug|Any CPU
		{1A7E1D6C-C8EC-5799-3C2B-BA86F515D9C1}.Release|Any CPU.ActiveCfg = Release|Any CPU
		{1A7E1D6C-C8EC-5799-3C2B-BA86F515D9C1}.Release|Any CPU.Build.0 = Release|Any CPU
		{9AF8D897-DFCB-F1EF-E252-57E43D059407}.Debug|Any CPU.ActiveCfg = Debug|Any CPU
		{9AF8D897-DFCB-F1EF-E252-57E43D059407}.Debug|Any CPU.Build.0 = Debug|Any CPU
		{9AF8D897-DFCB-F1EF-E252-57E43D059407}.Release|Any CPU.ActiveCfg = Release|Any CPU
		{9AF8D897-DFCB-F1EF-E252-57E43D059407}.Release|Any CPU.Build.0 = Release|Any CPU
		{00313AA3-0DBD-8870-B83B-9E8C1ABA3ADF}.Debug|Any CPU.ActiveCfg = Debug|Any CPU
		{00313AA3-0DBD-8870-B83B-9E8C1ABA3ADF}.Debug|Any CPU.Build.0 = Debug|Any CPU
		{00313AA3-0DBD-8870-B83B-9E8C1ABA3ADF}.Release|Any CPU.ActiveCfg = Release|Any CPU
		{00313AA3-0DBD-8870-B83B-9E8C1ABA3ADF}.Release|Any CPU.Build.0 = Release|Any CPU
		{2B0455FD-4F75-8483-1A50-E1A935449BF5}.Debug|Any CPU.ActiveCfg = Debug|Any CPU
		{2B0455FD-4F75-8483-1A50-E1A935449BF5}.Debug|Any CPU.Build.0 = Debug|Any CPU
		{2B0455FD-4F75-8483-1A50-E1A935449BF5}.Release|Any CPU.ActiveCfg = Release|Any CPU
		{2B0455FD-4F75-8483-1A50-E1A935449BF5}.Release|Any CPU.Build.0 = Release|Any CPU
		{2F181D29-49F3-1606-6B1C-C45BAC851A72}.Debug|Any CPU.ActiveCfg = Debug|Any CPU
		{2F181D29-49F3-1606-6B1C-C45BAC851A72}.Debug|Any CPU.Build.0 = Debug|Any CPU
		{2F181D29-49F3-1606-6B1C-C45BAC851A72}.Release|Any CPU.ActiveCfg = Release|Any CPU
		{2F181D29-49F3-1606-6B1C-C45BAC851A72}.Release|Any CPU.Build.0 = Release|Any CPU
		{16DCD1DA-1FC1-B5A1-2855-041B9C1D0B4D}.Debug|Any CPU.ActiveCfg = Debug|Any CPU
		{16DCD1DA-1FC1-B5A1-2855-041B9C1D0B4D}.Debug|Any CPU.Build.0 = Debug|Any CPU
		{16DCD1DA-1FC1-B5A1-2855-041B9C1D0B4D}.Release|Any CPU.ActiveCfg = Release|Any CPU
		{16DCD1DA-1FC1-B5A1-2855-041B9C1D0B4D}.Release|Any CPU.Build.0 = Release|Any CPU
		{C3DE5BCF-6CD4-6D30-793C-E0C66F089883}.Debug|Any CPU.ActiveCfg = Debug|Any CPU
		{C3DE5BCF-6CD4-6D30-793C-E0C66F089883}.Debug|Any CPU.Build.0 = Debug|Any CPU
		{C3DE5BCF-6CD4-6D30-793C-E0C66F089883}.Release|Any CPU.ActiveCfg = Release|Any CPU
		{C3DE5BCF-6CD4-6D30-793C-E0C66F089883}.Release|Any CPU.Build.0 = Release|Any CPU
		{E1CE1CC2-973B-38F7-1A4F-6DFE2369F43F}.Debug|Any CPU.ActiveCfg = Debug|Any CPU
		{E1CE1CC2-973B-38F7-1A4F-6DFE2369F43F}.Debug|Any CPU.Build.0 = Debug|Any CPU
		{E1CE1CC2-973B-38F7-1A4F-6DFE2369F43F}.Release|Any CPU.ActiveCfg = Release|Any CPU
		{E1CE1CC2-973B-38F7-1A4F-6DFE2369F43F}.Release|Any CPU.Build.0 = Release|Any CPU
		{672FF324-DDAE-8D41-ADC6-55F04891DE90}.Debug|Any CPU.ActiveCfg = Debug|Any CPU
		{672FF324-DDAE-8D41-ADC6-55F04891DE90}.Debug|Any CPU.Build.0 = Debug|Any CPU
		{672FF324-DDAE-8D41-ADC6-55F04891DE90}.Release|Any CPU.ActiveCfg = Release|Any CPU
		{672FF324-DDAE-8D41-ADC6-55F04891DE90}.Release|Any CPU.Build.0 = Release|Any CPU
		{358FC2CD-82A8-54F3-0B4D-18C52D322D37}.Debug|Any CPU.ActiveCfg = Debug|Any CPU
		{358FC2CD-82A8-54F3-0B4D-18C52D322D37}.Debug|Any CPU.Build.0 = Debug|Any CPU
		{358FC2CD-82A8-54F3-0B4D-18C52D322D37}.Release|Any CPU.ActiveCfg = Release|Any CPU
		{358FC2CD-82A8-54F3-0B4D-18C52D322D37}.Release|Any CPU.Build.0 = Release|Any CPU
		{B386FB69-C3AB-BC90-02C6-1C5C36CBED21}.Debug|Any CPU.ActiveCfg = Debug|Any CPU
		{B386FB69-C3AB-BC90-02C6-1C5C36CBED21}.Debug|Any CPU.Build.0 = Debug|Any CPU
		{B386FB69-C3AB-BC90-02C6-1C5C36CBED21}.Release|Any CPU.ActiveCfg = Release|Any CPU
		{B386FB69-C3AB-BC90-02C6-1C5C36CBED21}.Release|Any CPU.Build.0 = Release|Any CPU
		{64E2CDFB-24F4-B661-C602-E99076643550}.Debug|Any CPU.ActiveCfg = Debug|Any CPU
		{64E2CDFB-24F4-B661-C602-E99076643550}.Debug|Any CPU.Build.0 = Debug|Any CPU
		{64E2CDFB-24F4-B661-C602-E99076643550}.Release|Any CPU.ActiveCfg = Release|Any CPU
		{64E2CDFB-24F4-B661-C602-E99076643550}.Release|Any CPU.Build.0 = Release|Any CPU
		{543EB089-9BCA-4DFF-9B6A-7CDDC7DE5864}.Debug|Any CPU.ActiveCfg = Debug|Any CPU
		{543EB089-9BCA-4DFF-9B6A-7CDDC7DE5864}.Debug|Any CPU.Build.0 = Debug|Any CPU
		{543EB089-9BCA-4DFF-9B6A-7CDDC7DE5864}.Release|Any CPU.ActiveCfg = Release|Any CPU
		{543EB089-9BCA-4DFF-9B6A-7CDDC7DE5864}.Release|Any CPU.Build.0 = Release|Any CPU
		{C3E84EC8-5BFB-1225-550F-96168F01F7A9}.Debug|Any CPU.ActiveCfg = Debug|Any CPU
		{C3E84EC8-5BFB-1225-550F-96168F01F7A9}.Debug|Any CPU.Build.0 = Debug|Any CPU
		{C3E84EC8-5BFB-1225-550F-96168F01F7A9}.Release|Any CPU.ActiveCfg = Release|Any CPU
		{C3E84EC8-5BFB-1225-550F-96168F01F7A9}.Release|Any CPU.Build.0 = Release|Any CPU
		{80820EA8-36F0-1DE4-F418-A4DD020FC9E0}.Debug|Any CPU.ActiveCfg = Debug|Any CPU
		{80820EA8-36F0-1DE4-F418-A4DD020FC9E0}.Debug|Any CPU.Build.0 = Debug|Any CPU
		{80820EA8-36F0-1DE4-F418-A4DD020FC9E0}.Release|Any CPU.ActiveCfg = Release|Any CPU
		{80820EA8-36F0-1DE4-F418-A4DD020FC9E0}.Release|Any CPU.Build.0 = Release|Any CPU
		{61D3D51E-E98B-7C28-6352-65C995B12357}.Debug|Any CPU.ActiveCfg = Debug|Any CPU
		{61D3D51E-E98B-7C28-6352-65C995B12357}.Debug|Any CPU.Build.0 = Debug|Any CPU
		{61D3D51E-E98B-7C28-6352-65C995B12357}.Release|Any CPU.ActiveCfg = Release|Any CPU
		{61D3D51E-E98B-7C28-6352-65C995B12357}.Release|Any CPU.Build.0 = Release|Any CPU
		{DE7732CA-1CBB-3A20-9915-6C36D6303790}.Debug|Any CPU.ActiveCfg = Debug|Any CPU
		{DE7732CA-1CBB-3A20-9915-6C36D6303790}.Debug|Any CPU.Build.0 = Debug|Any CPU
		{DE7732CA-1CBB-3A20-9915-6C36D6303790}.Release|Any CPU.ActiveCfg = Release|Any CPU
		{DE7732CA-1CBB-3A20-9915-6C36D6303790}.Release|Any CPU.Build.0 = Release|Any CPU
		{7E6955BA-729B-D010-11A4-BE682FD6BEF4}.Debug|Any CPU.ActiveCfg = Debug|Any CPU
		{7E6955BA-729B-D010-11A4-BE682FD6BEF4}.Debug|Any CPU.Build.0 = Debug|Any CPU
		{7E6955BA-729B-D010-11A4-BE682FD6BEF4}.Release|Any CPU.ActiveCfg = Release|Any CPU
		{7E6955BA-729B-D010-11A4-BE682FD6BEF4}.Release|Any CPU.Build.0 = Release|Any CPU
		{0DA9F83B-D976-A858-F88D-6B20E23FB679}.Debug|Any CPU.ActiveCfg = Debug|Any CPU
		{0DA9F83B-D976-A858-F88D-6B20E23FB679}.Debug|Any CPU.Build.0 = Debug|Any CPU
		{0DA9F83B-D976-A858-F88D-6B20E23FB679}.Release|Any CPU.ActiveCfg = Release|Any CPU
		{0DA9F83B-D976-A858-F88D-6B20E23FB679}.Release|Any CPU.Build.0 = Release|Any CPU
		{305DF38D-1F05-5E01-FEA7-D293BB735B0D}.Debug|Any CPU.ActiveCfg = Debug|Any CPU
		{305DF38D-1F05-5E01-FEA7-D293BB735B0D}.Debug|Any CPU.Build.0 = Debug|Any CPU
		{305DF38D-1F05-5E01-FEA7-D293BB735B0D}.Release|Any CPU.ActiveCfg = Release|Any CPU
		{305DF38D-1F05-5E01-FEA7-D293BB735B0D}.Release|Any CPU.Build.0 = Release|Any CPU
		{028B2D41-6F0C-A295-8EB6-A443F54CE1D1}.Debug|Any CPU.ActiveCfg = Debug|Any CPU
		{028B2D41-6F0C-A295-8EB6-A443F54CE1D1}.Debug|Any CPU.Build.0 = Debug|Any CPU
		{028B2D41-6F0C-A295-8EB6-A443F54CE1D1}.Release|Any CPU.ActiveCfg = Release|Any CPU
		{028B2D41-6F0C-A295-8EB6-A443F54CE1D1}.Release|Any CPU.Build.0 = Release|Any CPU
		{B23A8415-3987-CD35-8B03-8E3E817DF947}.Debug|Any CPU.ActiveCfg = Debug|Any CPU
		{B23A8415-3987-CD35-8B03-8E3E817DF947}.Debug|Any CPU.Build.0 = Debug|Any CPU
		{B23A8415-3987-CD35-8B03-8E3E817DF947}.Release|Any CPU.ActiveCfg = Release|Any CPU
		{B23A8415-3987-CD35-8B03-8E3E817DF947}.Release|Any CPU.Build.0 = Release|Any CPU
		{48AAAC0F-7F79-64C7-123E-5D72C3F66304}.Debug|Any CPU.ActiveCfg = Debug|Any CPU
		{48AAAC0F-7F79-64C7-123E-5D72C3F66304}.Debug|Any CPU.Build.0 = Debug|Any CPU
		{48AAAC0F-7F79-64C7-123E-5D72C3F66304}.Release|Any CPU.ActiveCfg = Release|Any CPU
		{48AAAC0F-7F79-64C7-123E-5D72C3F66304}.Release|Any CPU.Build.0 = Release|Any CPU
		{CDEFD5A2-639C-EAAA-5150-1BD13F5639AB}.Debug|Any CPU.ActiveCfg = Debug|Any CPU
		{CDEFD5A2-639C-EAAA-5150-1BD13F5639AB}.Debug|Any CPU.Build.0 = Debug|Any CPU
		{CDEFD5A2-639C-EAAA-5150-1BD13F5639AB}.Release|Any CPU.ActiveCfg = Release|Any CPU
		{CDEFD5A2-639C-EAAA-5150-1BD13F5639AB}.Release|Any CPU.Build.0 = Release|Any CPU
		{C184DC91-DBA4-A4B9-F051-BE53D0BFDCA1}.Debug|Any CPU.ActiveCfg = Debug|Any CPU
		{C184DC91-DBA4-A4B9-F051-BE53D0BFDCA1}.Debug|Any CPU.Build.0 = Debug|Any CPU
		{C184DC91-DBA4-A4B9-F051-BE53D0BFDCA1}.Release|Any CPU.ActiveCfg = Release|Any CPU
		{C184DC91-DBA4-A4B9-F051-BE53D0BFDCA1}.Release|Any CPU.Build.0 = Release|Any CPU
		{ECEFCF8C-0A48-A306-EEAE-E2E1F4C75EB2}.Debug|Any CPU.ActiveCfg = Debug|Any CPU
		{ECEFCF8C-0A48-A306-EEAE-E2E1F4C75EB2}.Debug|Any CPU.Build.0 = Debug|Any CPU
		{ECEFCF8C-0A48-A306-EEAE-E2E1F4C75EB2}.Release|Any CPU.ActiveCfg = Release|Any CPU
		{ECEFCF8C-0A48-A306-EEAE-E2E1F4C75EB2}.Release|Any CPU.Build.0 = Release|Any CPU
		{DF6BD8D0-8F45-64AF-EAAB-E17116DC1FAE}.Debug|Any CPU.ActiveCfg = Debug|Any CPU
		{DF6BD8D0-8F45-64AF-EAAB-E17116DC1FAE}.Debug|Any CPU.Build.0 = Debug|Any CPU
		{DF6BD8D0-8F45-64AF-EAAB-E17116DC1FAE}.Release|Any CPU.ActiveCfg = Release|Any CPU
		{DF6BD8D0-8F45-64AF-EAAB-E17116DC1FAE}.Release|Any CPU.Build.0 = Release|Any CPU
		{409BDC24-A767-8845-ECBE-A73625761373}.Debug|Any CPU.ActiveCfg = Debug|Any CPU
		{409BDC24-A767-8845-ECBE-A73625761373}.Debug|Any CPU.Build.0 = Debug|Any CPU
		{409BDC24-A767-8845-ECBE-A73625761373}.Release|Any CPU.ActiveCfg = Release|Any CPU
		{409BDC24-A767-8845-ECBE-A73625761373}.Release|Any CPU.Build.0 = Release|Any CPU
		{17233807-F060-BF50-4EF4-ED6C5F80D739}.Debug|Any CPU.ActiveCfg = Debug|Any CPU
		{17233807-F060-BF50-4EF4-ED6C5F80D739}.Debug|Any CPU.Build.0 = Debug|Any CPU
		{17233807-F060-BF50-4EF4-ED6C5F80D739}.Release|Any CPU.ActiveCfg = Release|Any CPU
		{17233807-F060-BF50-4EF4-ED6C5F80D739}.Release|Any CPU.Build.0 = Release|Any CPU
		{05BC0E60-10A7-003F-85FA-1BB6FD379063}.Debug|Any CPU.ActiveCfg = Debug|Any CPU
		{05BC0E60-10A7-003F-85FA-1BB6FD379063}.Debug|Any CPU.Build.0 = Debug|Any CPU
		{05BC0E60-10A7-003F-85FA-1BB6FD379063}.Release|Any CPU.ActiveCfg = Release|Any CPU
		{05BC0E60-10A7-003F-85FA-1BB6FD379063}.Release|Any CPU.Build.0 = Release|Any CPU
		{F48E760B-1627-21EF-4E6E-6D0BAFB2D69E}.Debug|Any CPU.ActiveCfg = Debug|Any CPU
		{F48E760B-1627-21EF-4E6E-6D0BAFB2D69E}.Debug|Any CPU.Build.0 = Debug|Any CPU
		{F48E760B-1627-21EF-4E6E-6D0BAFB2D69E}.Release|Any CPU.ActiveCfg = Release|Any CPU
		{F48E760B-1627-21EF-4E6E-6D0BAFB2D69E}.Release|Any CPU.Build.0 = Release|Any CPU
		{471A6E5F-5B6C-D872-CA8E-0EE582A67314}.Debug|Any CPU.ActiveCfg = Debug|Any CPU
		{471A6E5F-5B6C-D872-CA8E-0EE582A67314}.Debug|Any CPU.Build.0 = Debug|Any CPU
		{471A6E5F-5B6C-D872-CA8E-0EE582A67314}.Release|Any CPU.ActiveCfg = Release|Any CPU
		{471A6E5F-5B6C-D872-CA8E-0EE582A67314}.Release|Any CPU.Build.0 = Release|Any CPU
		{B33ADC53-8E78-3AEB-BEC3-B62DE10AE4EC}.Debug|Any CPU.ActiveCfg = Debug|Any CPU
		{B33ADC53-8E78-3AEB-BEC3-B62DE10AE4EC}.Debug|Any CPU.Build.0 = Debug|Any CPU
		{B33ADC53-8E78-3AEB-BEC3-B62DE10AE4EC}.Release|Any CPU.ActiveCfg = Release|Any CPU
		{B33ADC53-8E78-3AEB-BEC3-B62DE10AE4EC}.Release|Any CPU.Build.0 = Release|Any CPU
		{9E295F13-C3D8-7FDE-AF1E-2977A1D249E9}.Debug|Any CPU.ActiveCfg = Debug|Any CPU
		{9E295F13-C3D8-7FDE-AF1E-2977A1D249E9}.Debug|Any CPU.Build.0 = Debug|Any CPU
		{9E295F13-C3D8-7FDE-AF1E-2977A1D249E9}.Release|Any CPU.ActiveCfg = Release|Any CPU
		{9E295F13-C3D8-7FDE-AF1E-2977A1D249E9}.Release|Any CPU.Build.0 = Release|Any CPU
		{6D03B2BC-D3EB-0819-B1FE-66CA00CED5EE}.Debug|Any CPU.ActiveCfg = Debug|Any CPU
		{6D03B2BC-D3EB-0819-B1FE-66CA00CED5EE}.Debug|Any CPU.Build.0 = Debug|Any CPU
		{6D03B2BC-D3EB-0819-B1FE-66CA00CED5EE}.Release|Any CPU.ActiveCfg = Release|Any CPU
		{6D03B2BC-D3EB-0819-B1FE-66CA00CED5EE}.Release|Any CPU.Build.0 = Release|Any CPU
		{E7CC389C-E455-36FA-64C2-3635B09FD5E2}.Debug|Any CPU.ActiveCfg = Debug|Any CPU
		{E7CC389C-E455-36FA-64C2-3635B09FD5E2}.Debug|Any CPU.Build.0 = Debug|Any CPU
		{E7CC389C-E455-36FA-64C2-3635B09FD5E2}.Release|Any CPU.ActiveCfg = Release|Any CPU
		{E7CC389C-E455-36FA-64C2-3635B09FD5E2}.Release|Any CPU.Build.0 = Release|Any CPU
		{D514F83A-7E72-0FC7-8A85-509F6E6BD5C6}.Debug|Any CPU.ActiveCfg = Debug|Any CPU
		{D514F83A-7E72-0FC7-8A85-509F6E6BD5C6}.Debug|Any CPU.Build.0 = Debug|Any CPU
		{D514F83A-7E72-0FC7-8A85-509F6E6BD5C6}.Release|Any CPU.ActiveCfg = Release|Any CPU
		{D514F83A-7E72-0FC7-8A85-509F6E6BD5C6}.Release|Any CPU.Build.0 = Release|Any CPU
		{AC388B95-E493-EAFF-98A9-75B2FFA4CDAE}.Debug|Any CPU.ActiveCfg = Debug|Any CPU
		{AC388B95-E493-EAFF-98A9-75B2FFA4CDAE}.Debug|Any CPU.Build.0 = Debug|Any CPU
		{AC388B95-E493-EAFF-98A9-75B2FFA4CDAE}.Release|Any CPU.ActiveCfg = Release|Any CPU
		{AC388B95-E493-EAFF-98A9-75B2FFA4CDAE}.Release|Any CPU.Build.0 = Release|Any CPU
		{FD1D6B52-EAA9-9783-C93C-C13FB7DB8A5C}.Debug|Any CPU.ActiveCfg = Debug|Any CPU
		{FD1D6B52-EAA9-9783-C93C-C13FB7DB8A5C}.Debug|Any CPU.Build.0 = Debug|Any CPU
		{FD1D6B52-EAA9-9783-C93C-C13FB7DB8A5C}.Release|Any CPU.ActiveCfg = Release|Any CPU
		{FD1D6B52-EAA9-9783-C93C-C13FB7DB8A5C}.Release|Any CPU.Build.0 = Release|Any CPU
		{16C43BAD-509A-09DF-CF37-36E370DD2482}.Debug|Any CPU.ActiveCfg = Debug|Any CPU
		{16C43BAD-509A-09DF-CF37-36E370DD2482}.Debug|Any CPU.Build.0 = Debug|Any CPU
		{16C43BAD-509A-09DF-CF37-36E370DD2482}.Release|Any CPU.ActiveCfg = Release|Any CPU
		{16C43BAD-509A-09DF-CF37-36E370DD2482}.Release|Any CPU.Build.0 = Release|Any CPU
		{D4FB9F0C-C2CC-A5E0-216E-65E72BFB8E15}.Debug|Any CPU.ActiveCfg = Debug|Any CPU
		{D4FB9F0C-C2CC-A5E0-216E-65E72BFB8E15}.Debug|Any CPU.Build.0 = Debug|Any CPU
		{D4FB9F0C-C2CC-A5E0-216E-65E72BFB8E15}.Release|Any CPU.ActiveCfg = Release|Any CPU
		{D4FB9F0C-C2CC-A5E0-216E-65E72BFB8E15}.Release|Any CPU.Build.0 = Release|Any CPU
		{AD777051-8FC4-3B9B-155B-A8C79B530A5B}.Debug|Any CPU.ActiveCfg = Debug|Any CPU
		{AD777051-8FC4-3B9B-155B-A8C79B530A5B}.Debug|Any CPU.Build.0 = Debug|Any CPU
		{AD777051-8FC4-3B9B-155B-A8C79B530A5B}.Release|Any CPU.ActiveCfg = Release|Any CPU
		{AD777051-8FC4-3B9B-155B-A8C79B530A5B}.Release|Any CPU.Build.0 = Release|Any CPU
		{161E5B37-99DC-133E-A964-0801F5B9ACCA}.Debug|Any CPU.ActiveCfg = Debug|Any CPU
		{161E5B37-99DC-133E-A964-0801F5B9ACCA}.Debug|Any CPU.Build.0 = Debug|Any CPU
		{161E5B37-99DC-133E-A964-0801F5B9ACCA}.Release|Any CPU.ActiveCfg = Release|Any CPU
		{161E5B37-99DC-133E-A964-0801F5B9ACCA}.Release|Any CPU.Build.0 = Release|Any CPU
		{092A7DEF-66A3-77CD-B6A0-EDFA461AD8EC}.Debug|Any CPU.ActiveCfg = Debug|Any CPU
		{092A7DEF-66A3-77CD-B6A0-EDFA461AD8EC}.Debug|Any CPU.Build.0 = Debug|Any CPU
		{092A7DEF-66A3-77CD-B6A0-EDFA461AD8EC}.Release|Any CPU.ActiveCfg = Release|Any CPU
		{092A7DEF-66A3-77CD-B6A0-EDFA461AD8EC}.Release|Any CPU.Build.0 = Release|Any CPU
		{BCEFBD66-E8A4-0611-C467-AD54B7846833}.Debug|Any CPU.ActiveCfg = Debug|Any CPU
		{BCEFBD66-E8A4-0611-C467-AD54B7846833}.Debug|Any CPU.Build.0 = Debug|Any CPU
		{BCEFBD66-E8A4-0611-C467-AD54B7846833}.Release|Any CPU.ActiveCfg = Release|Any CPU
		{BCEFBD66-E8A4-0611-C467-AD54B7846833}.Release|Any CPU.Build.0 = Release|Any CPU
		{A4CE76B4-3004-E6D5-66F6-2B57786E4D14}.Debug|Any CPU.ActiveCfg = Debug|Any CPU
		{A4CE76B4-3004-E6D5-66F6-2B57786E4D14}.Debug|Any CPU.Build.0 = Debug|Any CPU
		{A4CE76B4-3004-E6D5-66F6-2B57786E4D14}.Release|Any CPU.ActiveCfg = Release|Any CPU
		{A4CE76B4-3004-E6D5-66F6-2B57786E4D14}.Release|Any CPU.Build.0 = Release|Any CPU
		{6051F076-52F2-DF1E-5448-CFA74553BFAA}.Debug|Any CPU.ActiveCfg = Debug|Any CPU
		{6051F076-52F2-DF1E-5448-CFA74553BFAA}.Debug|Any CPU.Build.0 = Debug|Any CPU
		{6051F076-52F2-DF1E-5448-CFA74553BFAA}.Release|Any CPU.ActiveCfg = Release|Any CPU
		{6051F076-52F2-DF1E-5448-CFA74553BFAA}.Release|Any CPU.Build.0 = Release|Any CPU
		{02C3CF45-ED39-6235-E4B5-2A646EB23C23}.Debug|Any CPU.ActiveCfg = Debug|Any CPU
		{02C3CF45-ED39-6235-E4B5-2A646EB23C23}.Debug|Any CPU.Build.0 = Debug|Any CPU
		{02C3CF45-ED39-6235-E4B5-2A646EB23C23}.Release|Any CPU.ActiveCfg = Release|Any CPU
		{02C3CF45-ED39-6235-E4B5-2A646EB23C23}.Release|Any CPU.Build.0 = Release|Any CPU
		{E479DDE1-49FD-7AB5-1CF5-F34B24F0DED2}.Debug|Any CPU.ActiveCfg = Debug|Any CPU
		{E479DDE1-49FD-7AB5-1CF5-F34B24F0DED2}.Debug|Any CPU.Build.0 = Debug|Any CPU
		{E479DDE1-49FD-7AB5-1CF5-F34B24F0DED2}.Release|Any CPU.ActiveCfg = Release|Any CPU
		{E479DDE1-49FD-7AB5-1CF5-F34B24F0DED2}.Release|Any CPU.Build.0 = Release|Any CPU
		{74FFAE69-9883-E057-77C0-5128E5354495}.Debug|Any CPU.ActiveCfg = Debug|Any CPU
		{74FFAE69-9883-E057-77C0-5128E5354495}.Debug|Any CPU.Build.0 = Debug|Any CPU
		{74FFAE69-9883-E057-77C0-5128E5354495}.Release|Any CPU.ActiveCfg = Release|Any CPU
		{74FFAE69-9883-E057-77C0-5128E5354495}.Release|Any CPU.Build.0 = Release|Any CPU
		{2F15BBE3-2C26-7F9E-87A2-9E05938E90F6}.Debug|Any CPU.ActiveCfg = Debug|Any CPU
		{2F15BBE3-2C26-7F9E-87A2-9E05938E90F6}.Debug|Any CPU.Build.0 = Debug|Any CPU
		{2F15BBE3-2C26-7F9E-87A2-9E05938E90F6}.Release|Any CPU.ActiveCfg = Release|Any CPU
		{2F15BBE3-2C26-7F9E-87A2-9E05938E90F6}.Release|Any CPU.Build.0 = Release|Any CPU
		{83329D37-169D-D1D3-6EBF-BBCC91607634}.Debug|Any CPU.ActiveCfg = Debug|Any CPU
		{83329D37-169D-D1D3-6EBF-BBCC91607634}.Debug|Any CPU.Build.0 = Debug|Any CPU
		{83329D37-169D-D1D3-6EBF-BBCC91607634}.Release|Any CPU.ActiveCfg = Release|Any CPU
		{83329D37-169D-D1D3-6EBF-BBCC91607634}.Release|Any CPU.Build.0 = Release|Any CPU
		{2A0D604E-94E8-D5DC-7B5E-94AEC2281BEF}.Debug|Any CPU.ActiveCfg = Debug|Any CPU
		{2A0D604E-94E8-D5DC-7B5E-94AEC2281BEF}.Debug|Any CPU.Build.0 = Debug|Any CPU
		{2A0D604E-94E8-D5DC-7B5E-94AEC2281BEF}.Release|Any CPU.ActiveCfg = Release|Any CPU
		{2A0D604E-94E8-D5DC-7B5E-94AEC2281BEF}.Release|Any CPU.Build.0 = Release|Any CPU
		{36FE2B2A-BB35-A11A-B15A-44665CF4B25B}.Debug|Any CPU.ActiveCfg = Debug|Any CPU
		{36FE2B2A-BB35-A11A-B15A-44665CF4B25B}.Debug|Any CPU.Build.0 = Debug|Any CPU
		{36FE2B2A-BB35-A11A-B15A-44665CF4B25B}.Release|Any CPU.ActiveCfg = Release|Any CPU
		{36FE2B2A-BB35-A11A-B15A-44665CF4B25B}.Release|Any CPU.Build.0 = Release|Any CPU
		{3ACCDEF0-D654-C121-F99F-08558731BBB9}.Debug|Any CPU.ActiveCfg = Debug|Any CPU
		{3ACCDEF0-D654-C121-F99F-08558731BBB9}.Debug|Any CPU.Build.0 = Debug|Any CPU
		{3ACCDEF0-D654-C121-F99F-08558731BBB9}.Release|Any CPU.ActiveCfg = Release|Any CPU
		{3ACCDEF0-D654-C121-F99F-08558731BBB9}.Release|Any CPU.Build.0 = Release|Any CPU
		{33F9C941-B2CC-0D07-FD13-E4E9B3012FD1}.Debug|Any CPU.ActiveCfg = Debug|Any CPU
		{33F9C941-B2CC-0D07-FD13-E4E9B3012FD1}.Debug|Any CPU.Build.0 = Debug|Any CPU
		{33F9C941-B2CC-0D07-FD13-E4E9B3012FD1}.Release|Any CPU.ActiveCfg = Release|Any CPU
		{33F9C941-B2CC-0D07-FD13-E4E9B3012FD1}.Release|Any CPU.Build.0 = Release|Any CPU
		{8E615C69-8F6C-265A-60AA-6168F0FE1300}.Debug|Any CPU.ActiveCfg = Debug|Any CPU
		{8E615C69-8F6C-265A-60AA-6168F0FE1300}.Debug|Any CPU.Build.0 = Debug|Any CPU
		{8E615C69-8F6C-265A-60AA-6168F0FE1300}.Release|Any CPU.ActiveCfg = Release|Any CPU
		{8E615C69-8F6C-265A-60AA-6168F0FE1300}.Release|Any CPU.Build.0 = Release|Any CPU
		{6FB369BB-CD30-A60B-F357-A1161C0CD82B}.Debug|Any CPU.ActiveCfg = Debug|Any CPU
		{6FB369BB-CD30-A60B-F357-A1161C0CD82B}.Debug|Any CPU.Build.0 = Debug|Any CPU
		{6FB369BB-CD30-A60B-F357-A1161C0CD82B}.Release|Any CPU.ActiveCfg = Release|Any CPU
		{6FB369BB-CD30-A60B-F357-A1161C0CD82B}.Release|Any CPU.Build.0 = Release|Any CPU
		{47D8381B-36BA-BFFE-F69D-D4069426B0FE}.Debug|Any CPU.ActiveCfg = Debug|Any CPU
		{47D8381B-36BA-BFFE-F69D-D4069426B0FE}.Debug|Any CPU.Build.0 = Debug|Any CPU
		{47D8381B-36BA-BFFE-F69D-D4069426B0FE}.Release|Any CPU.ActiveCfg = Release|Any CPU
		{47D8381B-36BA-BFFE-F69D-D4069426B0FE}.Release|Any CPU.Build.0 = Release|Any CPU
		{511D61AB-62F9-3377-FA48-61577DD17401}.Debug|Any CPU.ActiveCfg = Debug|Any CPU
		{511D61AB-62F9-3377-FA48-61577DD17401}.Debug|Any CPU.Build.0 = Debug|Any CPU
		{511D61AB-62F9-3377-FA48-61577DD17401}.Release|Any CPU.ActiveCfg = Release|Any CPU
		{511D61AB-62F9-3377-FA48-61577DD17401}.Release|Any CPU.Build.0 = Release|Any CPU
		{FF4C1B9C-A11B-6D45-8F2E-76663DB5DB29}.Debug|Any CPU.ActiveCfg = Debug|Any CPU
		{FF4C1B9C-A11B-6D45-8F2E-76663DB5DB29}.Debug|Any CPU.Build.0 = Debug|Any CPU
		{FF4C1B9C-A11B-6D45-8F2E-76663DB5DB29}.Release|Any CPU.ActiveCfg = Release|Any CPU
		{FF4C1B9C-A11B-6D45-8F2E-76663DB5DB29}.Release|Any CPU.Build.0 = Release|Any CPU
		{CD299075-EDC5-1D16-96E0-1F15E352097B}.Debug|Any CPU.ActiveCfg = Debug|Any CPU
		{CD299075-EDC5-1D16-96E0-1F15E352097B}.Debug|Any CPU.Build.0 = Debug|Any CPU
		{CD299075-EDC5-1D16-96E0-1F15E352097B}.Release|Any CPU.ActiveCfg = Release|Any CPU
		{CD299075-EDC5-1D16-96E0-1F15E352097B}.Release|Any CPU.Build.0 = Release|Any CPU
		{656275A0-13E4-0D7B-5278-0B30A82BEFB1}.Debug|Any CPU.ActiveCfg = Debug|Any CPU
		{656275A0-13E4-0D7B-5278-0B30A82BEFB1}.Debug|Any CPU.Build.0 = Debug|Any CPU
		{656275A0-13E4-0D7B-5278-0B30A82BEFB1}.Release|Any CPU.ActiveCfg = Release|Any CPU
		{656275A0-13E4-0D7B-5278-0B30A82BEFB1}.Release|Any CPU.Build.0 = Release|Any CPU
		{EF46DF5F-3313-14EA-AFC1-4BD84F388556}.Debug|Any CPU.ActiveCfg = Debug|Any CPU
		{EF46DF5F-3313-14EA-AFC1-4BD84F388556}.Debug|Any CPU.Build.0 = Debug|Any CPU
		{EF46DF5F-3313-14EA-AFC1-4BD84F388556}.Release|Any CPU.ActiveCfg = Release|Any CPU
		{EF46DF5F-3313-14EA-AFC1-4BD84F388556}.Release|Any CPU.Build.0 = Release|Any CPU
		{0D45C8B3-C7B5-55B7-F34E-A8583141AE86}.Debug|Any CPU.ActiveCfg = Debug|Any CPU
		{0D45C8B3-C7B5-55B7-F34E-A8583141AE86}.Debug|Any CPU.Build.0 = Debug|Any CPU
		{0D45C8B3-C7B5-55B7-F34E-A8583141AE86}.Release|Any CPU.ActiveCfg = Release|Any CPU
		{0D45C8B3-C7B5-55B7-F34E-A8583141AE86}.Release|Any CPU.Build.0 = Release|Any CPU
		{29F54D56-D362-FF38-2D0B-635CC9E0131D}.Debug|Any CPU.ActiveCfg = Debug|Any CPU
		{29F54D56-D362-FF38-2D0B-635CC9E0131D}.Debug|Any CPU.Build.0 = Debug|Any CPU
		{29F54D56-D362-FF38-2D0B-635CC9E0131D}.Release|Any CPU.ActiveCfg = Release|Any CPU
		{29F54D56-D362-FF38-2D0B-635CC9E0131D}.Release|Any CPU.Build.0 = Release|Any CPU
		{AD51C800-3E50-F3D2-8114-31CA20FC3CE5}.Debug|Any CPU.ActiveCfg = Debug|Any CPU
		{AD51C800-3E50-F3D2-8114-31CA20FC3CE5}.Debug|Any CPU.Build.0 = Debug|Any CPU
		{AD51C800-3E50-F3D2-8114-31CA20FC3CE5}.Release|Any CPU.ActiveCfg = Release|Any CPU
		{AD51C800-3E50-F3D2-8114-31CA20FC3CE5}.Release|Any CPU.Build.0 = Release|Any CPU
		{6C226EC8-0BD7-0F26-8D0F-5144CA497922}.Debug|Any CPU.ActiveCfg = Debug|Any CPU
		{6C226EC8-0BD7-0F26-8D0F-5144CA497922}.Debug|Any CPU.Build.0 = Debug|Any CPU
		{6C226EC8-0BD7-0F26-8D0F-5144CA497922}.Release|Any CPU.ActiveCfg = Release|Any CPU
		{6C226EC8-0BD7-0F26-8D0F-5144CA497922}.Release|Any CPU.Build.0 = Release|Any CPU
		{293B770B-D713-3E50-3DA0-6A5E91EF43D2}.Debug|Any CPU.ActiveCfg = Debug|Any CPU
		{293B770B-D713-3E50-3DA0-6A5E91EF43D2}.Debug|Any CPU.Build.0 = Debug|Any CPU
		{293B770B-D713-3E50-3DA0-6A5E91EF43D2}.Release|Any CPU.ActiveCfg = Release|Any CPU
		{293B770B-D713-3E50-3DA0-6A5E91EF43D2}.Release|Any CPU.Build.0 = Release|Any CPU
		{A474191D-9BB7-32DA-A441-6019D60A1638}.Debug|Any CPU.ActiveCfg = Debug|Any CPU
		{A474191D-9BB7-32DA-A441-6019D60A1638}.Debug|Any CPU.Build.0 = Debug|Any CPU
		{A474191D-9BB7-32DA-A441-6019D60A1638}.Release|Any CPU.ActiveCfg = Release|Any CPU
		{A474191D-9BB7-32DA-A441-6019D60A1638}.Release|Any CPU.Build.0 = Release|Any CPU
		{E6364DBE-4D7E-2F79-BE33-1E3CBE09A6A7}.Debug|Any CPU.ActiveCfg = Debug|Any CPU
		{E6364DBE-4D7E-2F79-BE33-1E3CBE09A6A7}.Debug|Any CPU.Build.0 = Debug|Any CPU
		{E6364DBE-4D7E-2F79-BE33-1E3CBE09A6A7}.Release|Any CPU.ActiveCfg = Release|Any CPU
		{E6364DBE-4D7E-2F79-BE33-1E3CBE09A6A7}.Release|Any CPU.Build.0 = Release|Any CPU
		{2442374B-EE85-1EA5-CE92-ED10E91D1617}.Debug|Any CPU.ActiveCfg = Debug|Any CPU
		{2442374B-EE85-1EA5-CE92-ED10E91D1617}.Debug|Any CPU.Build.0 = Debug|Any CPU
		{2442374B-EE85-1EA5-CE92-ED10E91D1617}.Release|Any CPU.ActiveCfg = Release|Any CPU
		{2442374B-EE85-1EA5-CE92-ED10E91D1617}.Release|Any CPU.Build.0 = Release|Any CPU
		{6975A901-1BCB-2055-3F5D-66D655EDB3FA}.Debug|Any CPU.ActiveCfg = Debug|Any CPU
		{6975A901-1BCB-2055-3F5D-66D655EDB3FA}.Debug|Any CPU.Build.0 = Debug|Any CPU
		{6975A901-1BCB-2055-3F5D-66D655EDB3FA}.Release|Any CPU.ActiveCfg = Release|Any CPU
		{6975A901-1BCB-2055-3F5D-66D655EDB3FA}.Release|Any CPU.Build.0 = Release|Any CPU
		{B289814A-58EA-57BB-C80B-05F73F85922C}.Debug|Any CPU.ActiveCfg = Debug|Any CPU
		{B289814A-58EA-57BB-C80B-05F73F85922C}.Debug|Any CPU.Build.0 = Debug|Any CPU
		{B289814A-58EA-57BB-C80B-05F73F85922C}.Release|Any CPU.ActiveCfg = Release|Any CPU
		{B289814A-58EA-57BB-C80B-05F73F85922C}.Release|Any CPU.Build.0 = Release|Any CPU
		{EE93734D-3719-3DC9-30DC-8CC0BF219A78}.Debug|Any CPU.ActiveCfg = Debug|Any CPU
		{EE93734D-3719-3DC9-30DC-8CC0BF219A78}.Debug|Any CPU.Build.0 = Debug|Any CPU
		{EE93734D-3719-3DC9-30DC-8CC0BF219A78}.Release|Any CPU.ActiveCfg = Release|Any CPU
		{EE93734D-3719-3DC9-30DC-8CC0BF219A78}.Release|Any CPU.Build.0 = Release|Any CPU
		{1EFEF170-8B9A-316D-CFE4-CCD7E29F3D29}.Debug|Any CPU.ActiveCfg = Debug|Any CPU
		{1EFEF170-8B9A-316D-CFE4-CCD7E29F3D29}.Debug|Any CPU.Build.0 = Debug|Any CPU
		{1EFEF170-8B9A-316D-CFE4-CCD7E29F3D29}.Release|Any CPU.ActiveCfg = Release|Any CPU
		{1EFEF170-8B9A-316D-CFE4-CCD7E29F3D29}.Release|Any CPU.Build.0 = Release|Any CPU
		{98E156FF-A72E-85CC-9DBF-33AD962A23E6}.Debug|Any CPU.ActiveCfg = Debug|Any CPU
		{98E156FF-A72E-85CC-9DBF-33AD962A23E6}.Debug|Any CPU.Build.0 = Debug|Any CPU
		{98E156FF-A72E-85CC-9DBF-33AD962A23E6}.Release|Any CPU.ActiveCfg = Release|Any CPU
		{98E156FF-A72E-85CC-9DBF-33AD962A23E6}.Release|Any CPU.Build.0 = Release|Any CPU
		{12CE15FA-F0C6-15E6-F99E-952A1F8295F8}.Debug|Any CPU.ActiveCfg = Debug|Any CPU
		{12CE15FA-F0C6-15E6-F99E-952A1F8295F8}.Debug|Any CPU.Build.0 = Debug|Any CPU
		{12CE15FA-F0C6-15E6-F99E-952A1F8295F8}.Release|Any CPU.ActiveCfg = Release|Any CPU
		{12CE15FA-F0C6-15E6-F99E-952A1F8295F8}.Release|Any CPU.Build.0 = Release|Any CPU
		{64C3715B-71A1-7C89-E4FE-1CF04C77F682}.Debug|Any CPU.ActiveCfg = Debug|Any CPU
		{64C3715B-71A1-7C89-E4FE-1CF04C77F682}.Debug|Any CPU.Build.0 = Debug|Any CPU
		{64C3715B-71A1-7C89-E4FE-1CF04C77F682}.Release|Any CPU.ActiveCfg = Release|Any CPU
		{64C3715B-71A1-7C89-E4FE-1CF04C77F682}.Release|Any CPU.Build.0 = Release|Any CPU
		{21319148-74D4-AC7D-71BE-66E37FA374E6}.Debug|Any CPU.ActiveCfg = Debug|Any CPU
		{21319148-74D4-AC7D-71BE-66E37FA374E6}.Debug|Any CPU.Build.0 = Debug|Any CPU
		{21319148-74D4-AC7D-71BE-66E37FA374E6}.Release|Any CPU.ActiveCfg = Release|Any CPU
		{21319148-74D4-AC7D-71BE-66E37FA374E6}.Release|Any CPU.Build.0 = Release|Any CPU
		{B0F33B80-6BC8-690E-8452-ABBA24FD1CFC}.Debug|Any CPU.ActiveCfg = Debug|Any CPU
		{B0F33B80-6BC8-690E-8452-ABBA24FD1CFC}.Debug|Any CPU.Build.0 = Debug|Any CPU
		{B0F33B80-6BC8-690E-8452-ABBA24FD1CFC}.Release|Any CPU.ActiveCfg = Release|Any CPU
		{B0F33B80-6BC8-690E-8452-ABBA24FD1CFC}.Release|Any CPU.Build.0 = Release|Any CPU
		{6708A50E-6859-1428-18D0-CF69F28C4943}.Debug|Any CPU.ActiveCfg = Debug|Any CPU
		{6708A50E-6859-1428-18D0-CF69F28C4943}.Debug|Any CPU.Build.0 = Debug|Any CPU
		{6708A50E-6859-1428-18D0-CF69F28C4943}.Release|Any CPU.ActiveCfg = Release|Any CPU
		{6708A50E-6859-1428-18D0-CF69F28C4943}.Release|Any CPU.Build.0 = Release|Any CPU
		{9E17B95E-0E00-713D-E54F-08BCCE45DB06}.Debug|Any CPU.ActiveCfg = Debug|Any CPU
		{9E17B95E-0E00-713D-E54F-08BCCE45DB06}.Debug|Any CPU.Build.0 = Debug|Any CPU
		{9E17B95E-0E00-713D-E54F-08BCCE45DB06}.Release|Any CPU.ActiveCfg = Release|Any CPU
		{9E17B95E-0E00-713D-E54F-08BCCE45DB06}.Release|Any CPU.Build.0 = Release|Any CPU
		{CD2C34C5-F02A-1680-A567-F58EA1F61EC1}.Debug|Any CPU.ActiveCfg = Debug|Any CPU
		{CD2C34C5-F02A-1680-A567-F58EA1F61EC1}.Debug|Any CPU.Build.0 = Debug|Any CPU
		{CD2C34C5-F02A-1680-A567-F58EA1F61EC1}.Release|Any CPU.ActiveCfg = Release|Any CPU
		{CD2C34C5-F02A-1680-A567-F58EA1F61EC1}.Release|Any CPU.Build.0 = Release|Any CPU
		{62B33F4F-C2DB-FA8F-6DC9-A3CAC80AC795}.Debug|Any CPU.ActiveCfg = Debug|Any CPU
		{62B33F4F-C2DB-FA8F-6DC9-A3CAC80AC795}.Debug|Any CPU.Build.0 = Debug|Any CPU
		{62B33F4F-C2DB-FA8F-6DC9-A3CAC80AC795}.Release|Any CPU.ActiveCfg = Release|Any CPU
		{62B33F4F-C2DB-FA8F-6DC9-A3CAC80AC795}.Release|Any CPU.Build.0 = Release|Any CPU
		{72B344E7-1F80-2719-AFB8-10774880744D}.Debug|Any CPU.ActiveCfg = Debug|Any CPU
		{72B344E7-1F80-2719-AFB8-10774880744D}.Debug|Any CPU.Build.0 = Debug|Any CPU
		{72B344E7-1F80-2719-AFB8-10774880744D}.Release|Any CPU.ActiveCfg = Release|Any CPU
		{72B344E7-1F80-2719-AFB8-10774880744D}.Release|Any CPU.Build.0 = Release|Any CPU
		{E6C09729-1B78-6378-14D7-E95D402A8F88}.Debug|Any CPU.ActiveCfg = Debug|Any CPU
		{E6C09729-1B78-6378-14D7-E95D402A8F88}.Debug|Any CPU.Build.0 = Debug|Any CPU
		{E6C09729-1B78-6378-14D7-E95D402A8F88}.Release|Any CPU.ActiveCfg = Release|Any CPU
		{E6C09729-1B78-6378-14D7-E95D402A8F88}.Release|Any CPU.Build.0 = Release|Any CPU
		{ACA751F9-E177-FE6A-578C-16CF038208EF}.Debug|Any CPU.ActiveCfg = Debug|Any CPU
		{ACA751F9-E177-FE6A-578C-16CF038208EF}.Debug|Any CPU.Build.0 = Debug|Any CPU
		{ACA751F9-E177-FE6A-578C-16CF038208EF}.Release|Any CPU.ActiveCfg = Release|Any CPU
		{ACA751F9-E177-FE6A-578C-16CF038208EF}.Release|Any CPU.Build.0 = Release|Any CPU
		{7A95293F-7D1E-87C6-C9FF-D3F4BFB429A3}.Debug|Any CPU.ActiveCfg = Debug|Any CPU
		{7A95293F-7D1E-87C6-C9FF-D3F4BFB429A3}.Debug|Any CPU.Build.0 = Debug|Any CPU
		{7A95293F-7D1E-87C6-C9FF-D3F4BFB429A3}.Release|Any CPU.ActiveCfg = Release|Any CPU
		{7A95293F-7D1E-87C6-C9FF-D3F4BFB429A3}.Release|Any CPU.Build.0 = Release|Any CPU
		{CB3BCD12-46C5-F0CC-D0C8-E16EA3FB42A0}.Debug|Any CPU.ActiveCfg = Debug|Any CPU
		{CB3BCD12-46C5-F0CC-D0C8-E16EA3FB42A0}.Debug|Any CPU.Build.0 = Debug|Any CPU
		{CB3BCD12-46C5-F0CC-D0C8-E16EA3FB42A0}.Release|Any CPU.ActiveCfg = Release|Any CPU
		{CB3BCD12-46C5-F0CC-D0C8-E16EA3FB42A0}.Release|Any CPU.Build.0 = Release|Any CPU
		{C507D786-05D3-94B7-904E-E698B941581F}.Debug|Any CPU.ActiveCfg = Debug|Any CPU
		{C507D786-05D3-94B7-904E-E698B941581F}.Debug|Any CPU.Build.0 = Debug|Any CPU
		{C507D786-05D3-94B7-904E-E698B941581F}.Release|Any CPU.ActiveCfg = Release|Any CPU
		{C507D786-05D3-94B7-904E-E698B941581F}.Release|Any CPU.Build.0 = Release|Any CPU
		{5A29D591-3168-7C20-771C-C8CDD6D00545}.Debug|Any CPU.ActiveCfg = Debug|Any CPU
		{5A29D591-3168-7C20-771C-C8CDD6D00545}.Debug|Any CPU.Build.0 = Debug|Any CPU
		{5A29D591-3168-7C20-771C-C8CDD6D00545}.Release|Any CPU.ActiveCfg = Release|Any CPU
		{5A29D591-3168-7C20-771C-C8CDD6D00545}.Release|Any CPU.Build.0 = Release|Any CPU
		{E0CA19C2-D55B-ABCA-5A08-260F4DCA4E08}.Debug|Any CPU.ActiveCfg = Debug|Any CPU
		{E0CA19C2-D55B-ABCA-5A08-260F4DCA4E08}.Debug|Any CPU.Build.0 = Debug|Any CPU
		{E0CA19C2-D55B-ABCA-5A08-260F4DCA4E08}.Release|Any CPU.ActiveCfg = Release|Any CPU
		{E0CA19C2-D55B-ABCA-5A08-260F4DCA4E08}.Release|Any CPU.Build.0 = Release|Any CPU
		{2C7E5FA3-EE84-5206-339B-20EC0465BD86}.Debug|Any CPU.ActiveCfg = Debug|Any CPU
		{2C7E5FA3-EE84-5206-339B-20EC0465BD86}.Debug|Any CPU.Build.0 = Debug|Any CPU
		{2C7E5FA3-EE84-5206-339B-20EC0465BD86}.Release|Any CPU.ActiveCfg = Release|Any CPU
		{2C7E5FA3-EE84-5206-339B-20EC0465BD86}.Release|Any CPU.Build.0 = Release|Any CPU
		{1C709865-EFA2-F27B-ECAE-4CC2A6E1F7E8}.Debug|Any CPU.ActiveCfg = Debug|Any CPU
		{1C709865-EFA2-F27B-ECAE-4CC2A6E1F7E8}.Debug|Any CPU.Build.0 = Debug|Any CPU
		{1C709865-EFA2-F27B-ECAE-4CC2A6E1F7E8}.Release|Any CPU.ActiveCfg = Release|Any CPU
		{1C709865-EFA2-F27B-ECAE-4CC2A6E1F7E8}.Release|Any CPU.Build.0 = Release|Any CPU
		{5EC0BEA9-D7D1-DBB1-EB54-28A5666D8902}.Debug|Any CPU.ActiveCfg = Debug|Any CPU
		{5EC0BEA9-D7D1-DBB1-EB54-28A5666D8902}.Debug|Any CPU.Build.0 = Debug|Any CPU
		{5EC0BEA9-D7D1-DBB1-EB54-28A5666D8902}.Release|Any CPU.ActiveCfg = Release|Any CPU
		{5EC0BEA9-D7D1-DBB1-EB54-28A5666D8902}.Release|Any CPU.Build.0 = Release|Any CPU
		{09E0AB94-9347-1073-06CB-7ABAF423A7DA}.Debug|Any CPU.ActiveCfg = Debug|Any CPU
		{09E0AB94-9347-1073-06CB-7ABAF423A7DA}.Debug|Any CPU.Build.0 = Debug|Any CPU
		{09E0AB94-9347-1073-06CB-7ABAF423A7DA}.Release|Any CPU.ActiveCfg = Release|Any CPU
		{09E0AB94-9347-1073-06CB-7ABAF423A7DA}.Release|Any CPU.Build.0 = Release|Any CPU
		{9BF7E34A-7B4C-53E6-5A06-1BDA789C5CA2}.Debug|Any CPU.ActiveCfg = Debug|Any CPU
		{9BF7E34A-7B4C-53E6-5A06-1BDA789C5CA2}.Debug|Any CPU.Build.0 = Debug|Any CPU
		{9BF7E34A-7B4C-53E6-5A06-1BDA789C5CA2}.Release|Any CPU.ActiveCfg = Release|Any CPU
		{9BF7E34A-7B4C-53E6-5A06-1BDA789C5CA2}.Release|Any CPU.Build.0 = Release|Any CPU
	EndGlobalSection
	GlobalSection(SolutionProperties) = preSolution
		HideSolutionNode = FALSE
	EndGlobalSection
EndGlobal
